// !$*UTF8*$!
{
	archiveVersion = 1;
	classes = {
	};
	objectVersion = 51;
	objects = {

/* Begin PBXBuildFile section */
		2D6303726115B67060D09E85 /* Pods_iWuBiTests.framework in Frameworks */ = {isa = PBXBuildFile; fileRef = 5AA5AA6FD67142615E34DC61 /* Pods_iWuBiTests.framework */; };
		3719B7397CAA52057F9F1153 /* Pods_iWuBiUITests.framework in Frameworks */ = {isa = PBXBuildFile; fileRef = F6E83B6E1E91072EBEA6E329 /* Pods_iWuBiUITests.framework */; };
		6D3B83D6225E238300037787 /* iWuBi-orange-word.png in Resources */ = {isa = PBXBuildFile; fileRef = 6D3B83D5225E238200037787 /* iWuBi-orange-word.png */; };
		6D3B83E0225E27B500037787 /* Main.storyboard in Resources */ = {isa = PBXBuildFile; fileRef = 6D3B83E2225E27B500037787 /* Main.storyboard */; };
		6D3B83F2225E307700037787 /* InfoPlist.strings in Resources */ = {isa = PBXBuildFile; fileRef = 6D3B83F4225E307700037787 /* InfoPlist.strings */; };
		6D3B8400225E42CC00037787 /* ITListTitleViewCell.swift in Sources */ = {isa = PBXBuildFile; fileRef = 6D3B83FE225E42CB00037787 /* ITListTitleViewCell.swift */; };
		6D3B8401225E42CC00037787 /* ITListTitleViewCell.xib in Resources */ = {isa = PBXBuildFile; fileRef = 6D3B83FF225E42CB00037787 /* ITListTitleViewCell.xib */; };
		6D3B8403225E43D800037787 /* iWuBi-word-bg.png in Resources */ = {isa = PBXBuildFile; fileRef = 6D3B8402225E43D700037787 /* iWuBi-word-bg.png */; };
		6D531B49226336BF00C921B8 /* WebKit.framework in Frameworks */ = {isa = PBXBuildFile; fileRef = 6D531B48226336BF00C921B8 /* WebKit.framework */; };
		6D531B4F226360C700C921B8 /* 98五笔码元-全图-青葱.jpg in Resources */ = {isa = PBXBuildFile; fileRef = 6D531B4A226360C400C921B8 /* 98五笔码元-全图-青葱.jpg */; };
		6D531B50226360C700C921B8 /* 98五笔码元-全图-浅黄.jpg in Resources */ = {isa = PBXBuildFile; fileRef = 6D531B4B226360C400C921B8 /* 98五笔码元-全图-浅黄.jpg */; };
		6D531B51226360C700C921B8 /* 98五笔码元-应用图.jpg in Resources */ = {isa = PBXBuildFile; fileRef = 6D531B4C226360C500C921B8 /* 98五笔码元-应用图.jpg */; };
		6D531B52226360C700C921B8 /* 98透明码元图002.png in Resources */ = {isa = PBXBuildFile; fileRef = 6D531B4D226360C600C921B8 /* 98透明码元图002.png */; };
		6D531B53226360C700C921B8 /* 98透明码元图001.png in Resources */ = {isa = PBXBuildFile; fileRef = 6D531B4E226360C600C921B8 /* 98透明码元图001.png */; };
		6D531B58226362C900C921B8 /* 98五笔码元图-白底.png in Resources */ = {isa = PBXBuildFile; fileRef = 6D531B55226362C800C921B8 /* 98五笔码元图-白底.png */; };
		6D531B59226362C900C921B8 /* 98五笔码元图-浅色.png in Resources */ = {isa = PBXBuildFile; fileRef = 6D531B56226362C800C921B8 /* 98五笔码元图-浅色.png */; };
		6D531B5A226362C900C921B8 /* 98五笔字根全图白底.png in Resources */ = {isa = PBXBuildFile; fileRef = 6D531B57226362C800C921B8 /* 98五笔字根全图白底.png */; };
		6D531B5E226363D800C921B8 /* 新世纪五笔字根图2.jpg in Resources */ = {isa = PBXBuildFile; fileRef = 6D531B5B226363D700C921B8 /* 新世纪五笔字根图2.jpg */; };
		6D531B5F226363D800C921B8 /* 新世纪五笔字根图3.jpg in Resources */ = {isa = PBXBuildFile; fileRef = 6D531B5C226363D700C921B8 /* 新世纪五笔字根图3.jpg */; };
		6D531B60226363D800C921B8 /* 新世纪五笔字根图1.jpg in Resources */ = {isa = PBXBuildFile; fileRef = 6D531B5D226363D700C921B8 /* 新世纪五笔字根图1.jpg */; };
		6D531B632263643900C921B8 /* 新世纪五笔字根键位图2.png in Resources */ = {isa = PBXBuildFile; fileRef = 6D531B612263643800C921B8 /* 新世纪五笔字根键位图2.png */; };
		6D531B642263643900C921B8 /* 新世纪五笔字根键位图1.png in Resources */ = {isa = PBXBuildFile; fileRef = 6D531B622263643800C921B8 /* 新世纪五笔字根键位图1.png */; };
		6D531B662263648E00C921B8 /* 新世纪版与86版变动对比图表.png in Resources */ = {isa = PBXBuildFile; fileRef = 6D531B652263648E00C921B8 /* 新世纪版与86版变动对比图表.png */; };
		6D531B6922636BF400C921B8 /* 五笔86版字根键盘表.png in Resources */ = {isa = PBXBuildFile; fileRef = 6D531B6822636BF400C921B8 /* 五笔86版字根键盘表.png */; };
		6D531B6B22636C3100C921B8 /* 五笔98版字根键盘表.png in Resources */ = {isa = PBXBuildFile; fileRef = 6D531B6A22636C3100C921B8 /* 五笔98版字根键盘表.png */; };
		6D531B71226379CB00C921B8 /* iWiBi-orange-icon@2x.png in Resources */ = {isa = PBXBuildFile; fileRef = 6D531B6F226379CA00C921B8 /* iWiBi-orange-icon@2x.png */; };
		6D531B72226379CB00C921B8 /* iWiBi-orange-icon@3x.png in Resources */ = {isa = PBXBuildFile; fileRef = 6D531B70226379CB00C921B8 /* iWiBi-orange-icon@3x.png */; };
		6D531B7522637A5000C921B8 /* iWiBi-orange-icon-light@2x.png in Resources */ = {isa = PBXBuildFile; fileRef = 6D531B7322637A5000C921B8 /* iWiBi-orange-icon-light@2x.png */; };
		6D531B7622637A5000C921B8 /* iWiBi-orange-icon-light@3x.png in Resources */ = {isa = PBXBuildFile; fileRef = 6D531B7422637A5000C921B8 /* iWiBi-orange-icon-light@3x.png */; };
		6D531B7922637B2A00C921B8 /* AppIcon-default@2x.png in Resources */ = {isa = PBXBuildFile; fileRef = 6D531B7722637B2A00C921B8 /* AppIcon-default@2x.png */; };
		6D531B7A22637B2A00C921B8 /* AppIcon-default@3x.png in Resources */ = {isa = PBXBuildFile; fileRef = 6D531B7822637B2A00C921B8 /* AppIcon-default@3x.png */; };
		6D531B7D22637E4B00C921B8 /* iWiBi-orange-two@3x.png in Resources */ = {isa = PBXBuildFile; fileRef = 6D531B7B22637E4A00C921B8 /* iWiBi-orange-two@3x.png */; };
		6D531B7E22637E4B00C921B8 /* iWiBi-orange-two@2x.png in Resources */ = {isa = PBXBuildFile; fileRef = 6D531B7C22637E4A00C921B8 /* iWiBi-orange-two@2x.png */; };
		6D531B8122637E8500C921B8 /* iWiBi-orange-blank@3x.png in Resources */ = {isa = PBXBuildFile; fileRef = 6D531B7F22637E8400C921B8 /* iWiBi-orange-blank@3x.png */; };
		6D531B8222637E8500C921B8 /* iWiBi-orange-blank@2x.png in Resources */ = {isa = PBXBuildFile; fileRef = 6D531B8022637E8400C921B8 /* iWiBi-orange-blank@2x.png */; };
		6D76E275225F8829005EACCA /* iWuBi-86-keyboard.png in Resources */ = {isa = PBXBuildFile; fileRef = 6D76E274225F8829005EACCA /* iWuBi-86-keyboard.png */; };
		6D76E277225F883C005EACCA /* iWuBi-98-keyboard.png in Resources */ = {isa = PBXBuildFile; fileRef = 6D76E276225F883C005EACCA /* iWuBi-98-keyboard.png */; };
		6D76E27C225F9064005EACCA /* IHTCImgModel.swift in Sources */ = {isa = PBXBuildFile; fileRef = 6D76E27B225F9064005EACCA /* IHTCImgModel.swift */; };
		6D76E27F225F95F7005EACCA /* IHTCWuBiWordViewCell.swift in Sources */ = {isa = PBXBuildFile; fileRef = 6D76E27D225F95F7005EACCA /* IHTCWuBiWordViewCell.swift */; };
		6D76E280225F95F7005EACCA /* IHTCWuBiWordViewCell.xib in Resources */ = {isa = PBXBuildFile; fileRef = 6D76E27E225F95F7005EACCA /* IHTCWuBiWordViewCell.xib */; };
		6D76E282225F9E0B005EACCA /* SystemConfiguration.framework in Frameworks */ = {isa = PBXBuildFile; fileRef = 6D76E281225F9E0B005EACCA /* SystemConfiguration.framework */; };
		6D76E286225F9E3E005EACCA /* CoreTelephony.framework in Frameworks */ = {isa = PBXBuildFile; fileRef = 6D76E285225F9E3E005EACCA /* CoreTelephony.framework */; };
		6D76E288225F9E4D005EACCA /* Security.framework in Frameworks */ = {isa = PBXBuildFile; fileRef = 6D76E287225F9E4D005EACCA /* Security.framework */; };
		6D76E28A225F9E53005EACCA /* CoreGraphics.framework in Frameworks */ = {isa = PBXBuildFile; fileRef = 6D76E289225F9E53005EACCA /* CoreGraphics.framework */; };
		6D76E28C225F9E5B005EACCA /* CoreLocation.framework in Frameworks */ = {isa = PBXBuildFile; fileRef = 6D76E28B225F9E5B005EACCA /* CoreLocation.framework */; };
		6D76E28E225F9E6A005EACCA /* SafariServices.framework in Frameworks */ = {isa = PBXBuildFile; fileRef = 6D76E28D225F9E6A005EACCA /* SafariServices.framework */; };
		6D76E290225F9E6F005EACCA /* libc++.tbd in Frameworks */ = {isa = PBXBuildFile; fileRef = 6D76E28F225F9E6F005EACCA /* libc++.tbd */; };
		6D76E292225F9E7F005EACCA /* CFNetwork.framework in Frameworks */ = {isa = PBXBuildFile; fileRef = 6D76E291225F9E7F005EACCA /* CFNetwork.framework */; };
		6D76E294225F9E8B005EACCA /* StoreKit.framework in Frameworks */ = {isa = PBXBuildFile; fileRef = 6D76E293225F9E8B005EACCA /* StoreKit.framework */; };
		6D76E296225F9EE9005EACCA /* JavaScriptCore.framework in Frameworks */ = {isa = PBXBuildFile; fileRef = 6D76E295225F9EE9005EACCA /* JavaScriptCore.framework */; };
		6D76E298225F9EFD005EACCA /* libz.tbd in Frameworks */ = {isa = PBXBuildFile; fileRef = 6D76E297225F9EFD005EACCA /* libz.tbd */; };
		6D76E2A52260D7E8005EACCA /* IHTCSearchViewController.swift in Sources */ = {isa = PBXBuildFile; fileRef = 6D76E2A32260D7E8005EACCA /* IHTCSearchViewController.swift */; };
		6D76E2A72260D97E005EACCA /* IHTCSearchViewController.xib in Resources */ = {isa = PBXBuildFile; fileRef = 6D76E2A92260D97E005EACCA /* IHTCSearchViewController.xib */; };
		6D76E2B5226215A6005EACCA /* IHTCSearchDetailVC.swift in Sources */ = {isa = PBXBuildFile; fileRef = 6D76E2B4226215A6005EACCA /* IHTCSearchDetailVC.swift */; };
		6D76E2B72262C613005EACCA /* IAppleServiceUtil.swift in Sources */ = {isa = PBXBuildFile; fileRef = 6D76E2B62262C613005EACCA /* IAppleServiceUtil.swift */; };
		6D76E2BD2262D34E005EACCA /* UIScrollView+Additions.swift in Sources */ = {isa = PBXBuildFile; fileRef = 6D76E2B92262D34D005EACCA /* UIScrollView+Additions.swift */; };
		6D76E2BE2262D34E005EACCA /* UIImage+Additions.swift in Sources */ = {isa = PBXBuildFile; fileRef = 6D76E2BA2262D34D005EACCA /* UIImage+Additions.swift */; };
		6D76E2BF2262D34E005EACCA /* UITableView+Additions.swift in Sources */ = {isa = PBXBuildFile; fileRef = 6D76E2BB2262D34D005EACCA /* UITableView+Additions.swift */; };
		6D76E2C02262D34E005EACCA /* UIView+Additions.swift in Sources */ = {isa = PBXBuildFile; fileRef = 6D76E2BC2262D34E005EACCA /* UIView+Additions.swift */; };
		6D76E2C22262DA7A005EACCA /* iWuBi-qrcode.png in Resources */ = {isa = PBXBuildFile; fileRef = 6D76E2C12262DA79005EACCA /* iWuBi-qrcode.png */; };
		6D76E2C62262DC75005EACCA /* IHTCShareFooterView.xib in Resources */ = {isa = PBXBuildFile; fileRef = 6D76E2C52262DC75005EACCA /* IHTCShareFooterView.xib */; };
		6D76E2C82262DF37005EACCA /* IHTCShareFooterView.swift in Sources */ = {isa = PBXBuildFile; fileRef = 6D76E2C72262DF37005EACCA /* IHTCShareFooterView.swift */; };
		6D76E2CB226310CE005EACCA /* tabbar_selected_setting@2x.png in Resources */ = {isa = PBXBuildFile; fileRef = 6D76E2C9226310CE005EACCA /* tabbar_selected_setting@2x.png */; };
		6D76E2CC226310CE005EACCA /* tabbar_selected_setting@3x.png in Resources */ = {isa = PBXBuildFile; fileRef = 6D76E2CA226310CE005EACCA /* tabbar_selected_setting@3x.png */; };
		6D76E2D32263118D005EACCA /* tabbar_selected_learning@3x.png in Resources */ = {isa = PBXBuildFile; fileRef = 6D76E2CD2263118C005EACCA /* tabbar_selected_learning@3x.png */; };
		6D76E2D42263118D005EACCA /* tabbar_selected_86@3x.png in Resources */ = {isa = PBXBuildFile; fileRef = 6D76E2CE2263118C005EACCA /* tabbar_selected_86@3x.png */; };
		6D76E2D52263118D005EACCA /* tabbar_selected_98@2x.png in Resources */ = {isa = PBXBuildFile; fileRef = 6D76E2CF2263118C005EACCA /* tabbar_selected_98@2x.png */; };
		6D76E2D62263118D005EACCA /* tabbar_selected_86@2x.png in Resources */ = {isa = PBXBuildFile; fileRef = 6D76E2D02263118D005EACCA /* tabbar_selected_86@2x.png */; };
		6D76E2D72263118D005EACCA /* tabbar_selected_98@3x.png in Resources */ = {isa = PBXBuildFile; fileRef = 6D76E2D12263118D005EACCA /* tabbar_selected_98@3x.png */; };
		6D76E2D82263118D005EACCA /* tabbar_selected_learning@2x.png in Resources */ = {isa = PBXBuildFile; fileRef = 6D76E2D22263118D005EACCA /* tabbar_selected_learning@2x.png */; };
		6D76E2DA22631267005EACCA /* IHTCLearnViewController.swift in Sources */ = {isa = PBXBuildFile; fileRef = 6D76E2D922631267005EACCA /* IHTCLearnViewController.swift */; };
		6D76E2DC2263150B005EACCA /* iWuBi_learning.plist in Resources */ = {isa = PBXBuildFile; fileRef = 6D76E2DB2263150B005EACCA /* iWuBi_learning.plist */; };
		6D76E2E322632984005EACCA /* 86版五笔字根表.html in Resources */ = {isa = PBXBuildFile; fileRef = 6D76E2DE22632983005EACCA /* 86版五笔字根表.html */; };
		6D76E2E422632984005EACCA /* 86版简明教程.html in Resources */ = {isa = PBXBuildFile; fileRef = 6D76E2DF22632984005EACCA /* 86版简明教程.html */; };
		6D76E2E522632984005EACCA /* iWuBi-style.css in Resources */ = {isa = PBXBuildFile; fileRef = 6D76E2E022632984005EACCA /* iWuBi-style.css */; };
		6D76E2E622632984005EACCA /* 86版五笔简码.html in Resources */ = {isa = PBXBuildFile; fileRef = 6D76E2E122632984005EACCA /* 86版五笔简码.html */; };
		6D76E2E722632984005EACCA /* 86版速成诀窍.html in Resources */ = {isa = PBXBuildFile; fileRef = 6D76E2E222632984005EACCA /* 86版速成诀窍.html */; };
		6D76E2EC22632992005EACCA /* 98版五笔字根表.html in Resources */ = {isa = PBXBuildFile; fileRef = 6D76E2E822632991005EACCA /* 98版五笔字根表.html */; };
		6D76E2ED22632992005EACCA /* 98版五笔简码.html in Resources */ = {isa = PBXBuildFile; fileRef = 6D76E2E922632991005EACCA /* 98版五笔简码.html */; };
		6D76E2EE22632992005EACCA /* 98版速成诀窍.html in Resources */ = {isa = PBXBuildFile; fileRef = 6D76E2EA22632991005EACCA /* 98版速成诀窍.html */; };
		6D76E2EF22632992005EACCA /* 98版简明教程.html in Resources */ = {isa = PBXBuildFile; fileRef = 6D76E2EB22632991005EACCA /* 98版简明教程.html */; };
		6D76E2F122632C1F005EACCA /* IHTCLearnDetailViewController.swift in Sources */ = {isa = PBXBuildFile; fileRef = 6D76E2F022632C1F005EACCA /* IHTCLearnDetailViewController.swift */; };
		6DAD76FA225A277F00961BEC /* AppDelegate.swift in Sources */ = {isa = PBXBuildFile; fileRef = 6DAD76F9225A277F00961BEC /* AppDelegate.swift */; };
		6DAD7701225A278000961BEC /* Assets.xcassets in Resources */ = {isa = PBXBuildFile; fileRef = 6DAD7700225A278000961BEC /* Assets.xcassets */; };
		6DAD770F225A278000961BEC /* iWuBiTests.swift in Sources */ = {isa = PBXBuildFile; fileRef = 6DAD770E225A278000961BEC /* iWuBiTests.swift */; };
		6DAD771A225A278000961BEC /* iWuBiUITests.swift in Sources */ = {isa = PBXBuildFile; fileRef = 6DAD7719225A278000961BEC /* iWuBiUITests.swift */; };
		6DB1AF942278A75D0051A288 /* TableHeaderView.xib in Resources */ = {isa = PBXBuildFile; fileRef = 6DB1AF922278A75C0051A288 /* TableHeaderView.xib */; };
		6DB1AF952278A75D0051A288 /* TableHeaderView.swift in Sources */ = {isa = PBXBuildFile; fileRef = 6DB1AF932278A75D0051A288 /* TableHeaderView.swift */; };
		6DB1AF972278A7640051A288 /* ITAdvancelDetailViewController.swift in Sources */ = {isa = PBXBuildFile; fileRef = 6DB1AF962278A7640051A288 /* ITAdvancelDetailViewController.swift */; };
		6DB1AF992278A7710051A288 /* iHTCboyApp.json in Resources */ = {isa = PBXBuildFile; fileRef = 6DB1AF982278A7710051A288 /* iHTCboyApp.json */; };
		6DB88DF7225B8E340099AC80 /* App-TextLogo-Alpha.png in Resources */ = {isa = PBXBuildFile; fileRef = 6DB88DC0225B8E340099AC80 /* App-TextLogo-Alpha.png */; };
		6DB88DF8225B8E340099AC80 /* App-share-Icon.png in Resources */ = {isa = PBXBuildFile; fileRef = 6DB88DC1225B8E340099AC80 /* App-share-Icon.png */; };
		6DB88E08225B8E340099AC80 /* ITQuestionListViewCell.swift in Sources */ = {isa = PBXBuildFile; fileRef = 6DB88DD7225B8E340099AC80 /* ITQuestionListViewCell.swift */; };
		6DB88E09225B8E340099AC80 /* ITCopyLabel.swift in Sources */ = {isa = PBXBuildFile; fileRef = 6DB88DD8225B8E340099AC80 /* ITCopyLabel.swift */; };
		6DB88E0A225B8E340099AC80 /* ITPageTitleView.swift in Sources */ = {isa = PBXBuildFile; fileRef = 6DB88DDA225B8E340099AC80 /* ITPageTitleView.swift */; };
		6DB88E0B225B8E340099AC80 /* ITPageContentView.swift in Sources */ = {isa = PBXBuildFile; fileRef = 6DB88DDB225B8E340099AC80 /* ITPageContentView.swift */; };
		6DB88E0C225B8E340099AC80 /* ITQuestionListViewCell.xib in Resources */ = {isa = PBXBuildFile; fileRef = 6DB88DDC225B8E340099AC80 /* ITQuestionListViewCell.xib */; };
		6DB88E0D225B8E340099AC80 /* IHTCModel.swift in Sources */ = {isa = PBXBuildFile; fileRef = 6DB88DDE225B8E340099AC80 /* IHTCModel.swift */; };
		6DB88E10225B8E340099AC80 /* IHTCAboutAppViewController.swift in Sources */ = {isa = PBXBuildFile; fileRef = 6DB88DE2225B8E340099AC80 /* IHTCAboutAppViewController.swift */; };
		6DB88E11225B8E340099AC80 /* IHTCMeViewController.swift in Sources */ = {isa = PBXBuildFile; fileRef = 6DB88DE3225B8E340099AC80 /* IHTCMeViewController.swift */; };
		6DB88E13225B8E340099AC80 /* ITBasePopTransitionVC.swift in Sources */ = {isa = PBXBuildFile; fileRef = 6DB88DE6225B8E340099AC80 /* ITBasePopTransitionVC.swift */; };
		6DB88E14225B8E340099AC80 /* ITBasePushTransitionVC.swift in Sources */ = {isa = PBXBuildFile; fileRef = 6DB88DE7225B8E340099AC80 /* ITBasePushTransitionVC.swift */; };
		6DB88E15225B8E340099AC80 /* IHTCAboutAppViewController.xib in Resources */ = {isa = PBXBuildFile; fileRef = 6DB88DE8225B8E340099AC80 /* IHTCAboutAppViewController.xib */; };
		6DB88E16225B8E340099AC80 /* IHTCWordDetailViewController.swift in Sources */ = {isa = PBXBuildFile; fileRef = 6DB88DE9225B8E340099AC80 /* IHTCWordDetailViewController.swift */; };
		6DB88E17225B8E340099AC80 /* IHTCWordListViewController.swift in Sources */ = {isa = PBXBuildFile; fileRef = 6DB88DEA225B8E340099AC80 /* IHTCWordListViewController.swift */; };
		6DB88E18225B8E340099AC80 /* IHTC98WordViewController.swift in Sources */ = {isa = PBXBuildFile; fileRef = 6DB88DEB225B8E340099AC80 /* IHTC98WordViewController.swift */; };
		6DB88E19225B8E340099AC80 /* IHTC86WordViewController.swift in Sources */ = {isa = PBXBuildFile; fileRef = 6DB88DEC225B8E340099AC80 /* IHTC86WordViewController.swift */; };
		6DB88E1A225B8E340099AC80 /* ITScalePushTransition.swift in Sources */ = {isa = PBXBuildFile; fileRef = 6DB88DEE225B8E340099AC80 /* ITScalePushTransition.swift */; };
		6DB88E1B225B8E340099AC80 /* TCDataTool.swift in Sources */ = {isa = PBXBuildFile; fileRef = 6DB88DEF225B8E340099AC80 /* TCDataTool.swift */; };
		6DB88E1C225B8E340099AC80 /* ITScalePopTransition.swift in Sources */ = {isa = PBXBuildFile; fileRef = 6DB88DF0225B8E340099AC80 /* ITScalePopTransition.swift */; };
		6DB88E20225B8E720099AC80 /* CommonDefine.swift in Sources */ = {isa = PBXBuildFile; fileRef = 6DB88E1E225B8E720099AC80 /* CommonDefine.swift */; };
		6DB88E21225B8E720099AC80 /* ITCommonAPI.swift in Sources */ = {isa = PBXBuildFile; fileRef = 6DB88E1F225B8E720099AC80 /* ITCommonAPI.swift */; };
		6DB88E2A225B8F430099AC80 /* (null) in Resources */ = {isa = PBXBuildFile; };
		6DB88E2B225B8F430099AC80 /* AppLaunchScreen.storyboard in Resources */ = {isa = PBXBuildFile; fileRef = 6DB88E28225B8F420099AC80 /* AppLaunchScreen.storyboard */; };
		6DB88E2C225B8F430099AC80 /* LaunchScreen.storyboard in Resources */ = {isa = PBXBuildFile; fileRef = 6DB88E29225B8F420099AC80 /* LaunchScreen.storyboard */; };
		6DC9406C243084D7009A9994 /* iWiBi-dark-one@3x.png in Resources */ = {isa = PBXBuildFile; fileRef = 6DC9406A243084D6009A9994 /* iWiBi-dark-one@3x.png */; };
		6DC9406D243084D7009A9994 /* iWiBi-dark-one@2x.png in Resources */ = {isa = PBXBuildFile; fileRef = 6DC9406B243084D7009A9994 /* iWiBi-dark-one@2x.png */; };
		6DC9407024308595009A9994 /* iWiBi-dark-two@2x.png in Resources */ = {isa = PBXBuildFile; fileRef = 6DC9406E24308594009A9994 /* iWiBi-dark-two@2x.png */; };
		6DC9407124308595009A9994 /* iWiBi-dark-two@3x.png in Resources */ = {isa = PBXBuildFile; fileRef = 6DC9406F24308595009A9994 /* iWiBi-dark-two@3x.png */; };
		6DC9407624308B4C009A9994 /* IHTCAppearanceVC.swift in Sources */ = {isa = PBXBuildFile; fileRef = 6DC9407524308B4C009A9994 /* IHTCAppearanceVC.swift */; };
		6DC9407824308D0B009A9994 /* IHTCUserDefaults.swift in Sources */ = {isa = PBXBuildFile; fileRef = 6DC9407724308D0B009A9994 /* IHTCUserDefaults.swift */; };
		6DEF6236225C0FDA001A6530 /* iWuBi_code.json in Resources */ = {isa = PBXBuildFile; fileRef = 6DEF6235225C0FDA001A6530 /* iWuBi_code.json */; };
		6DF6BAC024383D59008BCD66 /* iWiBi-gray-icon@2x.png in Resources */ = {isa = PBXBuildFile; fileRef = 6DF6BABE24383D59008BCD66 /* iWiBi-gray-icon@2x.png */; };
		6DF6BAC124383D59008BCD66 /* iWiBi-gray-icon@3x.png in Resources */ = {isa = PBXBuildFile; fileRef = 6DF6BABF24383D59008BCD66 /* iWiBi-gray-icon@3x.png */; };
		C833D47BF34102E21135BC39 /* Pods_iWuBi.framework in Frameworks */ = {isa = PBXBuildFile; fileRef = 5FABFA1D936DFEDD99C5AC4A /* Pods_iWuBi.framework */; };
/* End PBXBuildFile section */

/* Begin PBXContainerItemProxy section */
		6DAD770B225A278000961BEC /* PBXContainerItemProxy */ = {
			isa = PBXContainerItemProxy;
			containerPortal = 6DAD76EE225A277F00961BEC /* Project object */;
			proxyType = 1;
			remoteGlobalIDString = 6DAD76F5225A277F00961BEC;
			remoteInfo = iWuBi;
		};
		6DAD7716225A278000961BEC /* PBXContainerItemProxy */ = {
			isa = PBXContainerItemProxy;
			containerPortal = 6DAD76EE225A277F00961BEC /* Project object */;
			proxyType = 1;
			remoteGlobalIDString = 6DAD76F5225A277F00961BEC;
			remoteInfo = iWuBi;
		};
/* End PBXContainerItemProxy section */

/* Begin PBXFileReference section */
		0EF4ABF9754CD5F1B9DEC378 /* Pods-iWuBiUITests.release.xcconfig */ = {isa = PBXFileReference; includeInIndex = 1; lastKnownFileType = text.xcconfig; name = "Pods-iWuBiUITests.release.xcconfig"; path = "Pods/Target Support Files/Pods-iWuBiUITests/Pods-iWuBiUITests.release.xcconfig"; sourceTree = "<group>"; };
		37928F92B064255A22FB885E /* Pods-iWuBiUITests.debug.xcconfig */ = {isa = PBXFileReference; includeInIndex = 1; lastKnownFileType = text.xcconfig; name = "Pods-iWuBiUITests.debug.xcconfig"; path = "Pods/Target Support Files/Pods-iWuBiUITests/Pods-iWuBiUITests.debug.xcconfig"; sourceTree = "<group>"; };
		4DC6FA5CB566AD8744AF9589 /* Pods-iWuBi.debug.xcconfig */ = {isa = PBXFileReference; includeInIndex = 1; lastKnownFileType = text.xcconfig; name = "Pods-iWuBi.debug.xcconfig"; path = "Pods/Target Support Files/Pods-iWuBi/Pods-iWuBi.debug.xcconfig"; sourceTree = "<group>"; };
		5AA5AA6FD67142615E34DC61 /* Pods_iWuBiTests.framework */ = {isa = PBXFileReference; explicitFileType = wrapper.framework; includeInIndex = 0; path = Pods_iWuBiTests.framework; sourceTree = BUILT_PRODUCTS_DIR; };
		5FABFA1D936DFEDD99C5AC4A /* Pods_iWuBi.framework */ = {isa = PBXFileReference; explicitFileType = wrapper.framework; includeInIndex = 0; path = Pods_iWuBi.framework; sourceTree = BUILT_PRODUCTS_DIR; };
		6D3B83D5225E238200037787 /* iWuBi-orange-word.png */ = {isa = PBXFileReference; lastKnownFileType = image.png; path = "iWuBi-orange-word.png"; sourceTree = "<group>"; };
		6D3B83E1225E27B500037787 /* Base */ = {isa = PBXFileReference; lastKnownFileType = file.storyboard; name = Base; path = Base.lproj/Main.storyboard; sourceTree = "<group>"; };
		6D3B83E4225E27BC00037787 /* zh-Hans */ = {isa = PBXFileReference; lastKnownFileType = text.plist.strings; name = "zh-Hans"; path = "zh-Hans.lproj/Main.strings"; sourceTree = "<group>"; };
		6D3B83E8225E2EFF00037787 /* LICENSE */ = {isa = PBXFileReference; lastKnownFileType = text; path = LICENSE; sourceTree = SOURCE_ROOT; };
		6D3B83E9225E2EFF00037787 /* README.md */ = {isa = PBXFileReference; lastKnownFileType = net.daringfireball.markdown; path = README.md; sourceTree = SOURCE_ROOT; };
		6D3B83EE225E2FE200037787 /* Info.plist */ = {isa = PBXFileReference; fileEncoding = 4; lastKnownFileType = text.plist.xml; path = Info.plist; sourceTree = "<group>"; };
		6D3B83F3225E307700037787 /* zh-Hant */ = {isa = PBXFileReference; lastKnownFileType = text.plist.strings; name = "zh-Hant"; path = "zh-Hant.lproj/InfoPlist.strings"; sourceTree = "<group>"; };
		6D3B83F5225E307E00037787 /* zh-Hans */ = {isa = PBXFileReference; lastKnownFileType = text.plist.strings; name = "zh-Hans"; path = "zh-Hans.lproj/InfoPlist.strings"; sourceTree = "<group>"; };
		6D3B83FE225E42CB00037787 /* ITListTitleViewCell.swift */ = {isa = PBXFileReference; fileEncoding = 4; lastKnownFileType = sourcecode.swift; path = ITListTitleViewCell.swift; sourceTree = "<group>"; };
		6D3B83FF225E42CB00037787 /* ITListTitleViewCell.xib */ = {isa = PBXFileReference; fileEncoding = 4; lastKnownFileType = file.xib; path = ITListTitleViewCell.xib; sourceTree = "<group>"; };
		6D3B8402225E43D700037787 /* iWuBi-word-bg.png */ = {isa = PBXFileReference; lastKnownFileType = image.png; path = "iWuBi-word-bg.png"; sourceTree = "<group>"; };
		6D531B48226336BF00C921B8 /* WebKit.framework */ = {isa = PBXFileReference; lastKnownFileType = wrapper.framework; name = WebKit.framework; path = System/Library/Frameworks/WebKit.framework; sourceTree = SDKROOT; };
		6D531B4A226360C400C921B8 /* 98五笔码元-全图-青葱.jpg */ = {isa = PBXFileReference; lastKnownFileType = image.jpeg; path = "98五笔码元-全图-青葱.jpg"; sourceTree = "<group>"; };
		6D531B4B226360C400C921B8 /* 98五笔码元-全图-浅黄.jpg */ = {isa = PBXFileReference; lastKnownFileType = image.jpeg; path = "98五笔码元-全图-浅黄.jpg"; sourceTree = "<group>"; };
		6D531B4C226360C500C921B8 /* 98五笔码元-应用图.jpg */ = {isa = PBXFileReference; lastKnownFileType = image.jpeg; path = "98五笔码元-应用图.jpg"; sourceTree = "<group>"; };
		6D531B4D226360C600C921B8 /* 98透明码元图002.png */ = {isa = PBXFileReference; lastKnownFileType = image.png; path = "98透明码元图002.png"; sourceTree = "<group>"; };
		6D531B4E226360C600C921B8 /* 98透明码元图001.png */ = {isa = PBXFileReference; lastKnownFileType = image.png; path = "98透明码元图001.png"; sourceTree = "<group>"; };
		6D531B55226362C800C921B8 /* 98五笔码元图-白底.png */ = {isa = PBXFileReference; lastKnownFileType = image.png; path = "98五笔码元图-白底.png"; sourceTree = "<group>"; };
		6D531B56226362C800C921B8 /* 98五笔码元图-浅色.png */ = {isa = PBXFileReference; lastKnownFileType = image.png; path = "98五笔码元图-浅色.png"; sourceTree = "<group>"; };
		6D531B57226362C800C921B8 /* 98五笔字根全图白底.png */ = {isa = PBXFileReference; lastKnownFileType = image.png; path = "98五笔字根全图白底.png"; sourceTree = "<group>"; };
		6D531B5B226363D700C921B8 /* 新世纪五笔字根图2.jpg */ = {isa = PBXFileReference; lastKnownFileType = image.jpeg; path = "新世纪五笔字根图2.jpg"; sourceTree = "<group>"; };
		6D531B5C226363D700C921B8 /* 新世纪五笔字根图3.jpg */ = {isa = PBXFileReference; lastKnownFileType = image.jpeg; path = "新世纪五笔字根图3.jpg"; sourceTree = "<group>"; };
		6D531B5D226363D700C921B8 /* 新世纪五笔字根图1.jpg */ = {isa = PBXFileReference; lastKnownFileType = image.jpeg; path = "新世纪五笔字根图1.jpg"; sourceTree = "<group>"; };
		6D531B612263643800C921B8 /* 新世纪五笔字根键位图2.png */ = {isa = PBXFileReference; lastKnownFileType = image.png; path = "新世纪五笔字根键位图2.png"; sourceTree = "<group>"; };
		6D531B622263643800C921B8 /* 新世纪五笔字根键位图1.png */ = {isa = PBXFileReference; lastKnownFileType = image.png; path = "新世纪五笔字根键位图1.png"; sourceTree = "<group>"; };
		6D531B652263648E00C921B8 /* 新世纪版与86版变动对比图表.png */ = {isa = PBXFileReference; lastKnownFileType = image.png; path = "新世纪版与86版变动对比图表.png"; sourceTree = "<group>"; };
		6D531B672263691400C921B8 /* 五笔知识点.txt */ = {isa = PBXFileReference; lastKnownFileType = text; path = "五笔知识点.txt"; sourceTree = "<group>"; };
		6D531B6822636BF400C921B8 /* 五笔86版字根键盘表.png */ = {isa = PBXFileReference; lastKnownFileType = image.png; path = "五笔86版字根键盘表.png"; sourceTree = "<group>"; };
		6D531B6A22636C3100C921B8 /* 五笔98版字根键盘表.png */ = {isa = PBXFileReference; lastKnownFileType = image.png; path = "五笔98版字根键盘表.png"; sourceTree = "<group>"; };
		6D531B6F226379CA00C921B8 /* iWiBi-orange-icon@2x.png */ = {isa = PBXFileReference; lastKnownFileType = image.png; path = "iWiBi-orange-icon@2x.png"; sourceTree = "<group>"; };
		6D531B70226379CB00C921B8 /* iWiBi-orange-icon@3x.png */ = {isa = PBXFileReference; lastKnownFileType = image.png; path = "iWiBi-orange-icon@3x.png"; sourceTree = "<group>"; };
		6D531B7322637A5000C921B8 /* iWiBi-orange-icon-light@2x.png */ = {isa = PBXFileReference; lastKnownFileType = image.png; path = "iWiBi-orange-icon-light@2x.png"; sourceTree = "<group>"; };
		6D531B7422637A5000C921B8 /* iWiBi-orange-icon-light@3x.png */ = {isa = PBXFileReference; lastKnownFileType = image.png; path = "iWiBi-orange-icon-light@3x.png"; sourceTree = "<group>"; };
		6D531B7722637B2A00C921B8 /* AppIcon-default@2x.png */ = {isa = PBXFileReference; lastKnownFileType = image.png; path = "AppIcon-default@2x.png"; sourceTree = "<group>"; };
		6D531B7822637B2A00C921B8 /* AppIcon-default@3x.png */ = {isa = PBXFileReference; lastKnownFileType = image.png; path = "AppIcon-default@3x.png"; sourceTree = "<group>"; };
		6D531B7B22637E4A00C921B8 /* iWiBi-orange-two@3x.png */ = {isa = PBXFileReference; lastKnownFileType = image.png; path = "iWiBi-orange-two@3x.png"; sourceTree = "<group>"; };
		6D531B7C22637E4A00C921B8 /* iWiBi-orange-two@2x.png */ = {isa = PBXFileReference; lastKnownFileType = image.png; path = "iWiBi-orange-two@2x.png"; sourceTree = "<group>"; };
		6D531B7F22637E8400C921B8 /* iWiBi-orange-blank@3x.png */ = {isa = PBXFileReference; lastKnownFileType = image.png; path = "iWiBi-orange-blank@3x.png"; sourceTree = "<group>"; };
		6D531B8022637E8400C921B8 /* iWiBi-orange-blank@2x.png */ = {isa = PBXFileReference; lastKnownFileType = image.png; path = "iWiBi-orange-blank@2x.png"; sourceTree = "<group>"; };
		6D76E274225F8829005EACCA /* iWuBi-86-keyboard.png */ = {isa = PBXFileReference; lastKnownFileType = image.png; path = "iWuBi-86-keyboard.png"; sourceTree = "<group>"; };
		6D76E276225F883C005EACCA /* iWuBi-98-keyboard.png */ = {isa = PBXFileReference; lastKnownFileType = image.png; path = "iWuBi-98-keyboard.png"; sourceTree = "<group>"; };
		6D76E27B225F9064005EACCA /* IHTCImgModel.swift */ = {isa = PBXFileReference; lastKnownFileType = sourcecode.swift; path = IHTCImgModel.swift; sourceTree = "<group>"; };
		6D76E27D225F95F7005EACCA /* IHTCWuBiWordViewCell.swift */ = {isa = PBXFileReference; lastKnownFileType = sourcecode.swift; path = IHTCWuBiWordViewCell.swift; sourceTree = "<group>"; };
		6D76E27E225F95F7005EACCA /* IHTCWuBiWordViewCell.xib */ = {isa = PBXFileReference; lastKnownFileType = file.xib; path = IHTCWuBiWordViewCell.xib; sourceTree = "<group>"; };
		6D76E281225F9E0B005EACCA /* SystemConfiguration.framework */ = {isa = PBXFileReference; lastKnownFileType = wrapper.framework; name = SystemConfiguration.framework; path = System/Library/Frameworks/SystemConfiguration.framework; sourceTree = SDKROOT; };
		6D76E283225F9E23005EACCA /* CoreServices.framework */ = {isa = PBXFileReference; lastKnownFileType = wrapper.framework; name = CoreServices.framework; path = System/Library/Frameworks/CoreServices.framework; sourceTree = SDKROOT; };
		6D76E285225F9E3E005EACCA /* CoreTelephony.framework */ = {isa = PBXFileReference; lastKnownFileType = wrapper.framework; name = CoreTelephony.framework; path = System/Library/Frameworks/CoreTelephony.framework; sourceTree = SDKROOT; };
		6D76E287225F9E4D005EACCA /* Security.framework */ = {isa = PBXFileReference; lastKnownFileType = wrapper.framework; name = Security.framework; path = System/Library/Frameworks/Security.framework; sourceTree = SDKROOT; };
		6D76E289225F9E53005EACCA /* CoreGraphics.framework */ = {isa = PBXFileReference; lastKnownFileType = wrapper.framework; name = CoreGraphics.framework; path = System/Library/Frameworks/CoreGraphics.framework; sourceTree = SDKROOT; };
		6D76E28B225F9E5B005EACCA /* CoreLocation.framework */ = {isa = PBXFileReference; lastKnownFileType = wrapper.framework; name = CoreLocation.framework; path = System/Library/Frameworks/CoreLocation.framework; sourceTree = SDKROOT; };
		6D76E28D225F9E6A005EACCA /* SafariServices.framework */ = {isa = PBXFileReference; lastKnownFileType = wrapper.framework; name = SafariServices.framework; path = System/Library/Frameworks/SafariServices.framework; sourceTree = SDKROOT; };
		6D76E28F225F9E6F005EACCA /* libc++.tbd */ = {isa = PBXFileReference; lastKnownFileType = "sourcecode.text-based-dylib-definition"; name = "libc++.tbd"; path = "usr/lib/libc++.tbd"; sourceTree = SDKROOT; };
		6D76E291225F9E7F005EACCA /* CFNetwork.framework */ = {isa = PBXFileReference; lastKnownFileType = wrapper.framework; name = CFNetwork.framework; path = System/Library/Frameworks/CFNetwork.framework; sourceTree = SDKROOT; };
		6D76E293225F9E8B005EACCA /* StoreKit.framework */ = {isa = PBXFileReference; lastKnownFileType = wrapper.framework; name = StoreKit.framework; path = System/Library/Frameworks/StoreKit.framework; sourceTree = SDKROOT; };
		6D76E295225F9EE9005EACCA /* JavaScriptCore.framework */ = {isa = PBXFileReference; lastKnownFileType = wrapper.framework; name = JavaScriptCore.framework; path = System/Library/Frameworks/JavaScriptCore.framework; sourceTree = SDKROOT; };
		6D76E297225F9EFD005EACCA /* libz.tbd */ = {isa = PBXFileReference; lastKnownFileType = "sourcecode.text-based-dylib-definition"; name = libz.tbd; path = usr/lib/libz.tbd; sourceTree = SDKROOT; };
		6D76E2A32260D7E8005EACCA /* IHTCSearchViewController.swift */ = {isa = PBXFileReference; lastKnownFileType = sourcecode.swift; path = IHTCSearchViewController.swift; sourceTree = "<group>"; };
		6D76E2A82260D97E005EACCA /* Base */ = {isa = PBXFileReference; lastKnownFileType = file.xib; name = Base; path = Base.lproj/IHTCSearchViewController.xib; sourceTree = "<group>"; };
		6D76E2AB2260D983005EACCA /* zh-Hans */ = {isa = PBXFileReference; lastKnownFileType = text.plist.strings; name = "zh-Hans"; path = "zh-Hans.lproj/IHTCSearchViewController.strings"; sourceTree = "<group>"; };
		6D76E2AD2260D99E005EACCA /* zh-Hant */ = {isa = PBXFileReference; lastKnownFileType = text.plist.strings; name = "zh-Hant"; path = "zh-Hant.lproj/IHTCSearchViewController.strings"; sourceTree = "<group>"; };
		6D76E2AF2260D9AC005EACCA /* en */ = {isa = PBXFileReference; lastKnownFileType = text.plist.strings; name = en; path = en.lproj/IHTCSearchViewController.strings; sourceTree = "<group>"; };
		6D76E2B4226215A6005EACCA /* IHTCSearchDetailVC.swift */ = {isa = PBXFileReference; lastKnownFileType = sourcecode.swift; path = IHTCSearchDetailVC.swift; sourceTree = "<group>"; };
		6D76E2B62262C613005EACCA /* IAppleServiceUtil.swift */ = {isa = PBXFileReference; lastKnownFileType = sourcecode.swift; path = IAppleServiceUtil.swift; sourceTree = "<group>"; };
		6D76E2B92262D34D005EACCA /* UIScrollView+Additions.swift */ = {isa = PBXFileReference; fileEncoding = 4; lastKnownFileType = sourcecode.swift; path = "UIScrollView+Additions.swift"; sourceTree = "<group>"; };
		6D76E2BA2262D34D005EACCA /* UIImage+Additions.swift */ = {isa = PBXFileReference; fileEncoding = 4; lastKnownFileType = sourcecode.swift; path = "UIImage+Additions.swift"; sourceTree = "<group>"; };
		6D76E2BB2262D34D005EACCA /* UITableView+Additions.swift */ = {isa = PBXFileReference; fileEncoding = 4; lastKnownFileType = sourcecode.swift; path = "UITableView+Additions.swift"; sourceTree = "<group>"; };
		6D76E2BC2262D34E005EACCA /* UIView+Additions.swift */ = {isa = PBXFileReference; fileEncoding = 4; lastKnownFileType = sourcecode.swift; path = "UIView+Additions.swift"; sourceTree = "<group>"; };
		6D76E2C12262DA79005EACCA /* iWuBi-qrcode.png */ = {isa = PBXFileReference; lastKnownFileType = image.png; path = "iWuBi-qrcode.png"; sourceTree = "<group>"; };
		6D76E2C42262DB2A005EACCA /* zh-Hant */ = {isa = PBXFileReference; lastKnownFileType = text.plist.strings; name = "zh-Hant"; path = "zh-Hant.lproj/Main.strings"; sourceTree = "<group>"; };
		6D76E2C52262DC75005EACCA /* IHTCShareFooterView.xib */ = {isa = PBXFileReference; lastKnownFileType = file.xib; path = IHTCShareFooterView.xib; sourceTree = "<group>"; };
		6D76E2C72262DF37005EACCA /* IHTCShareFooterView.swift */ = {isa = PBXFileReference; lastKnownFileType = sourcecode.swift; path = IHTCShareFooterView.swift; sourceTree = "<group>"; };
		6D76E2C9226310CE005EACCA /* tabbar_selected_setting@2x.png */ = {isa = PBXFileReference; lastKnownFileType = image.png; path = "tabbar_selected_setting@2x.png"; sourceTree = "<group>"; };
		6D76E2CA226310CE005EACCA /* tabbar_selected_setting@3x.png */ = {isa = PBXFileReference; lastKnownFileType = image.png; path = "tabbar_selected_setting@3x.png"; sourceTree = "<group>"; };
		6D76E2CD2263118C005EACCA /* tabbar_selected_learning@3x.png */ = {isa = PBXFileReference; lastKnownFileType = image.png; path = "tabbar_selected_learning@3x.png"; sourceTree = "<group>"; };
		6D76E2CE2263118C005EACCA /* tabbar_selected_86@3x.png */ = {isa = PBXFileReference; lastKnownFileType = image.png; path = "tabbar_selected_86@3x.png"; sourceTree = "<group>"; };
		6D76E2CF2263118C005EACCA /* tabbar_selected_98@2x.png */ = {isa = PBXFileReference; lastKnownFileType = image.png; path = "tabbar_selected_98@2x.png"; sourceTree = "<group>"; };
		6D76E2D02263118D005EACCA /* tabbar_selected_86@2x.png */ = {isa = PBXFileReference; lastKnownFileType = image.png; path = "tabbar_selected_86@2x.png"; sourceTree = "<group>"; };
		6D76E2D12263118D005EACCA /* tabbar_selected_98@3x.png */ = {isa = PBXFileReference; lastKnownFileType = image.png; path = "tabbar_selected_98@3x.png"; sourceTree = "<group>"; };
		6D76E2D22263118D005EACCA /* tabbar_selected_learning@2x.png */ = {isa = PBXFileReference; lastKnownFileType = image.png; path = "tabbar_selected_learning@2x.png"; sourceTree = "<group>"; };
		6D76E2D922631267005EACCA /* IHTCLearnViewController.swift */ = {isa = PBXFileReference; lastKnownFileType = sourcecode.swift; path = IHTCLearnViewController.swift; sourceTree = "<group>"; };
		6D76E2DB2263150B005EACCA /* iWuBi_learning.plist */ = {isa = PBXFileReference; lastKnownFileType = text.plist.xml; path = iWuBi_learning.plist; sourceTree = "<group>"; };
		6D76E2DE22632983005EACCA /* 86版五笔字根表.html */ = {isa = PBXFileReference; fileEncoding = 4; lastKnownFileType = text.html; path = "86版五笔字根表.html"; sourceTree = "<group>"; };
		6D76E2DF22632984005EACCA /* 86版简明教程.html */ = {isa = PBXFileReference; fileEncoding = 4; lastKnownFileType = text.html; path = "86版简明教程.html"; sourceTree = "<group>"; };
		6D76E2E022632984005EACCA /* iWuBi-style.css */ = {isa = PBXFileReference; fileEncoding = 4; lastKnownFileType = text.css; path = "iWuBi-style.css"; sourceTree = "<group>"; };
		6D76E2E122632984005EACCA /* 86版五笔简码.html */ = {isa = PBXFileReference; fileEncoding = 4; lastKnownFileType = text.html; path = "86版五笔简码.html"; sourceTree = "<group>"; };
		6D76E2E222632984005EACCA /* 86版速成诀窍.html */ = {isa = PBXFileReference; fileEncoding = 4; lastKnownFileType = text.html; path = "86版速成诀窍.html"; sourceTree = "<group>"; };
		6D76E2E822632991005EACCA /* 98版五笔字根表.html */ = {isa = PBXFileReference; fileEncoding = 4; lastKnownFileType = text.html; path = "98版五笔字根表.html"; sourceTree = "<group>"; };
		6D76E2E922632991005EACCA /* 98版五笔简码.html */ = {isa = PBXFileReference; fileEncoding = 4; lastKnownFileType = text.html; path = "98版五笔简码.html"; sourceTree = "<group>"; };
		6D76E2EA22632991005EACCA /* 98版速成诀窍.html */ = {isa = PBXFileReference; fileEncoding = 4; lastKnownFileType = text.html; path = "98版速成诀窍.html"; sourceTree = "<group>"; };
		6D76E2EB22632991005EACCA /* 98版简明教程.html */ = {isa = PBXFileReference; fileEncoding = 4; lastKnownFileType = text.html; path = "98版简明教程.html"; sourceTree = "<group>"; };
		6D76E2F022632C1F005EACCA /* IHTCLearnDetailViewController.swift */ = {isa = PBXFileReference; lastKnownFileType = sourcecode.swift; path = IHTCLearnDetailViewController.swift; sourceTree = "<group>"; };
		6DAD76F6225A277F00961BEC /* iWuBi.app */ = {isa = PBXFileReference; explicitFileType = wrapper.application; includeInIndex = 0; path = iWuBi.app; sourceTree = BUILT_PRODUCTS_DIR; };
		6DAD76F9225A277F00961BEC /* AppDelegate.swift */ = {isa = PBXFileReference; lastKnownFileType = sourcecode.swift; path = AppDelegate.swift; sourceTree = "<group>"; };
		6DAD7700225A278000961BEC /* Assets.xcassets */ = {isa = PBXFileReference; lastKnownFileType = folder.assetcatalog; path = Assets.xcassets; sourceTree = "<group>"; };
		6DAD770A225A278000961BEC /* iWuBiTests.xctest */ = {isa = PBXFileReference; explicitFileType = wrapper.cfbundle; includeInIndex = 0; path = iWuBiTests.xctest; sourceTree = BUILT_PRODUCTS_DIR; };
		6DAD770E225A278000961BEC /* iWuBiTests.swift */ = {isa = PBXFileReference; lastKnownFileType = sourcecode.swift; path = iWuBiTests.swift; sourceTree = "<group>"; };
		6DAD7710225A278000961BEC /* Info.plist */ = {isa = PBXFileReference; lastKnownFileType = text.plist.xml; path = Info.plist; sourceTree = "<group>"; };
		6DAD7715225A278000961BEC /* iWuBiUITests.xctest */ = {isa = PBXFileReference; explicitFileType = wrapper.cfbundle; includeInIndex = 0; path = iWuBiUITests.xctest; sourceTree = BUILT_PRODUCTS_DIR; };
		6DAD7719225A278000961BEC /* iWuBiUITests.swift */ = {isa = PBXFileReference; lastKnownFileType = sourcecode.swift; path = iWuBiUITests.swift; sourceTree = "<group>"; };
		6DAD771B225A278000961BEC /* Info.plist */ = {isa = PBXFileReference; lastKnownFileType = text.plist.xml; path = Info.plist; sourceTree = "<group>"; };
		6DB1AF922278A75C0051A288 /* TableHeaderView.xib */ = {isa = PBXFileReference; fileEncoding = 4; lastKnownFileType = file.xib; path = TableHeaderView.xib; sourceTree = "<group>"; };
		6DB1AF932278A75D0051A288 /* TableHeaderView.swift */ = {isa = PBXFileReference; fileEncoding = 4; lastKnownFileType = sourcecode.swift; path = TableHeaderView.swift; sourceTree = "<group>"; };
		6DB1AF962278A7640051A288 /* ITAdvancelDetailViewController.swift */ = {isa = PBXFileReference; fileEncoding = 4; lastKnownFileType = sourcecode.swift; path = ITAdvancelDetailViewController.swift; sourceTree = "<group>"; };
		6DB1AF982278A7710051A288 /* iHTCboyApp.json */ = {isa = PBXFileReference; fileEncoding = 4; lastKnownFileType = text.json; path = iHTCboyApp.json; sourceTree = "<group>"; };
		6DB88DC0225B8E340099AC80 /* App-TextLogo-Alpha.png */ = {isa = PBXFileReference; lastKnownFileType = image.png; path = "App-TextLogo-Alpha.png"; sourceTree = "<group>"; };
		6DB88DC1225B8E340099AC80 /* App-share-Icon.png */ = {isa = PBXFileReference; lastKnownFileType = image.png; path = "App-share-Icon.png"; sourceTree = "<group>"; };
		6DB88DD7225B8E340099AC80 /* ITQuestionListViewCell.swift */ = {isa = PBXFileReference; fileEncoding = 4; lastKnownFileType = sourcecode.swift; path = ITQuestionListViewCell.swift; sourceTree = "<group>"; };
		6DB88DD8225B8E340099AC80 /* ITCopyLabel.swift */ = {isa = PBXFileReference; fileEncoding = 4; lastKnownFileType = sourcecode.swift; path = ITCopyLabel.swift; sourceTree = "<group>"; };
		6DB88DDA225B8E340099AC80 /* ITPageTitleView.swift */ = {isa = PBXFileReference; fileEncoding = 4; lastKnownFileType = sourcecode.swift; path = ITPageTitleView.swift; sourceTree = "<group>"; };
		6DB88DDB225B8E340099AC80 /* ITPageContentView.swift */ = {isa = PBXFileReference; fileEncoding = 4; lastKnownFileType = sourcecode.swift; path = ITPageContentView.swift; sourceTree = "<group>"; };
		6DB88DDC225B8E340099AC80 /* ITQuestionListViewCell.xib */ = {isa = PBXFileReference; fileEncoding = 4; lastKnownFileType = file.xib; path = ITQuestionListViewCell.xib; sourceTree = "<group>"; };
		6DB88DDE225B8E340099AC80 /* IHTCModel.swift */ = {isa = PBXFileReference; fileEncoding = 4; lastKnownFileType = sourcecode.swift; path = IHTCModel.swift; sourceTree = "<group>"; };
		6DB88DE2225B8E340099AC80 /* IHTCAboutAppViewController.swift */ = {isa = PBXFileReference; fileEncoding = 4; lastKnownFileType = sourcecode.swift; path = IHTCAboutAppViewController.swift; sourceTree = "<group>"; };
		6DB88DE3225B8E340099AC80 /* IHTCMeViewController.swift */ = {isa = PBXFileReference; fileEncoding = 4; lastKnownFileType = sourcecode.swift; path = IHTCMeViewController.swift; sourceTree = "<group>"; };
		6DB88DE6225B8E340099AC80 /* ITBasePopTransitionVC.swift */ = {isa = PBXFileReference; fileEncoding = 4; lastKnownFileType = sourcecode.swift; path = ITBasePopTransitionVC.swift; sourceTree = "<group>"; };
		6DB88DE7225B8E340099AC80 /* ITBasePushTransitionVC.swift */ = {isa = PBXFileReference; fileEncoding = 4; lastKnownFileType = sourcecode.swift; path = ITBasePushTransitionVC.swift; sourceTree = "<group>"; };
		6DB88DE8225B8E340099AC80 /* IHTCAboutAppViewController.xib */ = {isa = PBXFileReference; fileEncoding = 4; lastKnownFileType = file.xib; path = IHTCAboutAppViewController.xib; sourceTree = "<group>"; };
		6DB88DE9225B8E340099AC80 /* IHTCWordDetailViewController.swift */ = {isa = PBXFileReference; fileEncoding = 4; lastKnownFileType = sourcecode.swift; path = IHTCWordDetailViewController.swift; sourceTree = "<group>"; };
		6DB88DEA225B8E340099AC80 /* IHTCWordListViewController.swift */ = {isa = PBXFileReference; fileEncoding = 4; lastKnownFileType = sourcecode.swift; path = IHTCWordListViewController.swift; sourceTree = "<group>"; };
		6DB88DEB225B8E340099AC80 /* IHTC98WordViewController.swift */ = {isa = PBXFileReference; fileEncoding = 4; lastKnownFileType = sourcecode.swift; path = IHTC98WordViewController.swift; sourceTree = "<group>"; };
		6DB88DEC225B8E340099AC80 /* IHTC86WordViewController.swift */ = {isa = PBXFileReference; fileEncoding = 4; lastKnownFileType = sourcecode.swift; path = IHTC86WordViewController.swift; sourceTree = "<group>"; };
		6DB88DEE225B8E340099AC80 /* ITScalePushTransition.swift */ = {isa = PBXFileReference; fileEncoding = 4; lastKnownFileType = sourcecode.swift; path = ITScalePushTransition.swift; sourceTree = "<group>"; };
		6DB88DEF225B8E340099AC80 /* TCDataTool.swift */ = {isa = PBXFileReference; fileEncoding = 4; lastKnownFileType = sourcecode.swift; path = TCDataTool.swift; sourceTree = "<group>"; };
		6DB88DF0225B8E340099AC80 /* ITScalePopTransition.swift */ = {isa = PBXFileReference; fileEncoding = 4; lastKnownFileType = sourcecode.swift; path = ITScalePopTransition.swift; sourceTree = "<group>"; };
		6DB88E1E225B8E720099AC80 /* CommonDefine.swift */ = {isa = PBXFileReference; fileEncoding = 4; lastKnownFileType = sourcecode.swift; path = CommonDefine.swift; sourceTree = "<group>"; };
		6DB88E1F225B8E720099AC80 /* ITCommonAPI.swift */ = {isa = PBXFileReference; fileEncoding = 4; lastKnownFileType = sourcecode.swift; path = ITCommonAPI.swift; sourceTree = "<group>"; };
		6DB88E23225B8EFE0099AC80 /* iWuBi-Bridging-Header.h */ = {isa = PBXFileReference; lastKnownFileType = sourcecode.c.h; path = "iWuBi-Bridging-Header.h"; sourceTree = "<group>"; };
		6DB88E28225B8F420099AC80 /* AppLaunchScreen.storyboard */ = {isa = PBXFileReference; fileEncoding = 4; lastKnownFileType = file.storyboard; path = AppLaunchScreen.storyboard; sourceTree = "<group>"; };
		6DB88E29225B8F420099AC80 /* LaunchScreen.storyboard */ = {isa = PBXFileReference; fileEncoding = 4; lastKnownFileType = file.storyboard; path = LaunchScreen.storyboard; sourceTree = "<group>"; };
		6DC9406A243084D6009A9994 /* iWiBi-dark-one@3x.png */ = {isa = PBXFileReference; lastKnownFileType = image.png; path = "iWiBi-dark-one@3x.png"; sourceTree = "<group>"; };
		6DC9406B243084D7009A9994 /* iWiBi-dark-one@2x.png */ = {isa = PBXFileReference; lastKnownFileType = image.png; path = "iWiBi-dark-one@2x.png"; sourceTree = "<group>"; };
		6DC9406E24308594009A9994 /* iWiBi-dark-two@2x.png */ = {isa = PBXFileReference; lastKnownFileType = image.png; path = "iWiBi-dark-two@2x.png"; sourceTree = "<group>"; };
		6DC9406F24308595009A9994 /* iWiBi-dark-two@3x.png */ = {isa = PBXFileReference; lastKnownFileType = image.png; path = "iWiBi-dark-two@3x.png"; sourceTree = "<group>"; };
		6DC9407524308B4C009A9994 /* IHTCAppearanceVC.swift */ = {isa = PBXFileReference; lastKnownFileType = sourcecode.swift; path = IHTCAppearanceVC.swift; sourceTree = "<group>"; };
		6DC9407724308D0B009A9994 /* IHTCUserDefaults.swift */ = {isa = PBXFileReference; fileEncoding = 4; lastKnownFileType = sourcecode.swift; path = IHTCUserDefaults.swift; sourceTree = "<group>"; };
		6DC9407924309D19009A9994 /* en */ = {isa = PBXFileReference; lastKnownFileType = text.plist.strings; name = en; path = en.lproj/InfoPlist.strings; sourceTree = "<group>"; };
		6DEF6235225C0FDA001A6530 /* iWuBi_code.json */ = {isa = PBXFileReference; fileEncoding = 4; lastKnownFileType = text.json; path = iWuBi_code.json; sourceTree = "<group>"; };
		6DF6BABE24383D59008BCD66 /* iWiBi-gray-icon@2x.png */ = {isa = PBXFileReference; lastKnownFileType = image.png; path = "iWiBi-gray-icon@2x.png"; sourceTree = "<group>"; };
		6DF6BABF24383D59008BCD66 /* iWiBi-gray-icon@3x.png */ = {isa = PBXFileReference; lastKnownFileType = image.png; path = "iWiBi-gray-icon@3x.png"; sourceTree = "<group>"; };
		75F9BBE4FFB8D6E6566B36DE /* Pods-iWuBi.release.xcconfig */ = {isa = PBXFileReference; includeInIndex = 1; lastKnownFileType = text.xcconfig; name = "Pods-iWuBi.release.xcconfig"; path = "Pods/Target Support Files/Pods-iWuBi/Pods-iWuBi.release.xcconfig"; sourceTree = "<group>"; };
		8142ECC9484EECD7A5D29993 /* Pods-iWuBiTests.release.xcconfig */ = {isa = PBXFileReference; includeInIndex = 1; lastKnownFileType = text.xcconfig; name = "Pods-iWuBiTests.release.xcconfig"; path = "Pods/Target Support Files/Pods-iWuBiTests/Pods-iWuBiTests.release.xcconfig"; sourceTree = "<group>"; };
		A6D1DB830F43BCBB17C8F556 /* Pods-iWuBiTests.debug.xcconfig */ = {isa = PBXFileReference; includeInIndex = 1; lastKnownFileType = text.xcconfig; name = "Pods-iWuBiTests.debug.xcconfig"; path = "Pods/Target Support Files/Pods-iWuBiTests/Pods-iWuBiTests.debug.xcconfig"; sourceTree = "<group>"; };
		F6E83B6E1E91072EBEA6E329 /* Pods_iWuBiUITests.framework */ = {isa = PBXFileReference; explicitFileType = wrapper.framework; includeInIndex = 0; path = Pods_iWuBiUITests.framework; sourceTree = BUILT_PRODUCTS_DIR; };
/* End PBXFileReference section */

/* Begin PBXFrameworksBuildPhase section */
		6DAD76F3225A277F00961BEC /* Frameworks */ = {
			isa = PBXFrameworksBuildPhase;
			buildActionMask = 2147483647;
			files = (
				6D531B49226336BF00C921B8 /* WebKit.framework in Frameworks */,
				6D76E298225F9EFD005EACCA /* libz.tbd in Frameworks */,
				6D76E296225F9EE9005EACCA /* JavaScriptCore.framework in Frameworks */,
				6D76E286225F9E3E005EACCA /* CoreTelephony.framework in Frameworks */,
				6D76E294225F9E8B005EACCA /* StoreKit.framework in Frameworks */,
				6D76E292225F9E7F005EACCA /* CFNetwork.framework in Frameworks */,
				6D76E290225F9E6F005EACCA /* libc++.tbd in Frameworks */,
				6D76E28E225F9E6A005EACCA /* SafariServices.framework in Frameworks */,
				6D76E28C225F9E5B005EACCA /* CoreLocation.framework in Frameworks */,
				6D76E28A225F9E53005EACCA /* CoreGraphics.framework in Frameworks */,
				6D76E288225F9E4D005EACCA /* Security.framework in Frameworks */,
				6D76E282225F9E0B005EACCA /* SystemConfiguration.framework in Frameworks */,
				C833D47BF34102E21135BC39 /* Pods_iWuBi.framework in Frameworks */,
			);
			runOnlyForDeploymentPostprocessing = 0;
		};
		6DAD7707225A278000961BEC /* Frameworks */ = {
			isa = PBXFrameworksBuildPhase;
			buildActionMask = 2147483647;
			files = (
				2D6303726115B67060D09E85 /* Pods_iWuBiTests.framework in Frameworks */,
			);
			runOnlyForDeploymentPostprocessing = 0;
		};
		6DAD7712225A278000961BEC /* Frameworks */ = {
			isa = PBXFrameworksBuildPhase;
			buildActionMask = 2147483647;
			files = (
				3719B7397CAA52057F9F1153 /* Pods_iWuBiUITests.framework in Frameworks */,
			);
			runOnlyForDeploymentPostprocessing = 0;
		};
/* End PBXFrameworksBuildPhase section */

/* Begin PBXGroup section */
		6D531B54226360CB00C921B8 /* wubi-img */ = {
			isa = PBXGroup;
			children = (
				6D531B6822636BF400C921B8 /* 五笔86版字根键盘表.png */,
				6D531B6A22636C3100C921B8 /* 五笔98版字根键盘表.png */,
				6D76E276225F883C005EACCA /* iWuBi-98-keyboard.png */,
				6D76E274225F8829005EACCA /* iWuBi-86-keyboard.png */,
				6D531B4B226360C400C921B8 /* 98五笔码元-全图-浅黄.jpg */,
				6D531B4A226360C400C921B8 /* 98五笔码元-全图-青葱.jpg */,
				6D531B4C226360C500C921B8 /* 98五笔码元-应用图.jpg */,
				6D531B4E226360C600C921B8 /* 98透明码元图001.png */,
				6D531B4D226360C600C921B8 /* 98透明码元图002.png */,
				6D531B55226362C800C921B8 /* 98五笔码元图-白底.png */,
				6D531B56226362C800C921B8 /* 98五笔码元图-浅色.png */,
				6D531B57226362C800C921B8 /* 98五笔字根全图白底.png */,
				6D531B622263643800C921B8 /* 新世纪五笔字根键位图1.png */,
				6D531B612263643800C921B8 /* 新世纪五笔字根键位图2.png */,
				6D531B5D226363D700C921B8 /* 新世纪五笔字根图1.jpg */,
				6D531B5B226363D700C921B8 /* 新世纪五笔字根图2.jpg */,
				6D531B5C226363D700C921B8 /* 新世纪五笔字根图3.jpg */,
				6D531B652263648E00C921B8 /* 新世纪版与86版变动对比图表.png */,
			);
			path = "wubi-img";
			sourceTree = "<group>";
		};
		6D531B6C22636D9E00C921B8 /* app-icon */ = {
			isa = PBXGroup;
			children = (
				6DF6BABE24383D59008BCD66 /* iWiBi-gray-icon@2x.png */,
				6DF6BABF24383D59008BCD66 /* iWiBi-gray-icon@3x.png */,
				6DC9406E24308594009A9994 /* iWiBi-dark-two@2x.png */,
				6DC9406F24308595009A9994 /* iWiBi-dark-two@3x.png */,
				6DC9406B243084D7009A9994 /* iWiBi-dark-one@2x.png */,
				6DC9406A243084D6009A9994 /* iWiBi-dark-one@3x.png */,
				6D531B8022637E8400C921B8 /* iWiBi-orange-blank@2x.png */,
				6D531B7F22637E8400C921B8 /* iWiBi-orange-blank@3x.png */,
				6D531B7C22637E4A00C921B8 /* iWiBi-orange-two@2x.png */,
				6D531B7B22637E4A00C921B8 /* iWiBi-orange-two@3x.png */,
				6D531B7722637B2A00C921B8 /* AppIcon-default@2x.png */,
				6D531B7822637B2A00C921B8 /* AppIcon-default@3x.png */,
				6D531B6F226379CA00C921B8 /* iWiBi-orange-icon@2x.png */,
				6D531B70226379CB00C921B8 /* iWiBi-orange-icon@3x.png */,
				6D531B7322637A5000C921B8 /* iWiBi-orange-icon-light@2x.png */,
				6D531B7422637A5000C921B8 /* iWiBi-orange-icon-light@3x.png */,
			);
			path = "app-icon";
			sourceTree = "<group>";
		};
		6D76E2B82262D342005EACCA /* DHSmartScreenshot */ = {
			isa = PBXGroup;
			children = (
				6D76E2BA2262D34D005EACCA /* UIImage+Additions.swift */,
				6D76E2B92262D34D005EACCA /* UIScrollView+Additions.swift */,
				6D76E2BB2262D34D005EACCA /* UITableView+Additions.swift */,
				6D76E2BC2262D34E005EACCA /* UIView+Additions.swift */,
			);
			path = DHSmartScreenshot;
			sourceTree = "<group>";
		};
		6D76E2DD22632972005EACCA /* HTML */ = {
			isa = PBXGroup;
			children = (
				6D76E2DE22632983005EACCA /* 86版五笔字根表.html */,
				6D76E2DF22632984005EACCA /* 86版简明教程.html */,
				6D76E2E222632984005EACCA /* 86版速成诀窍.html */,
				6D76E2E122632984005EACCA /* 86版五笔简码.html */,
				6D76E2E822632991005EACCA /* 98版五笔字根表.html */,
				6D76E2EB22632991005EACCA /* 98版简明教程.html */,
				6D76E2EA22632991005EACCA /* 98版速成诀窍.html */,
				6D76E2E922632991005EACCA /* 98版五笔简码.html */,
				6D76E2E022632984005EACCA /* iWuBi-style.css */,
			);
			path = HTML;
			sourceTree = "<group>";
		};
		6DAD76ED225A277F00961BEC = {
			isa = PBXGroup;
			children = (
				6DAD76F8225A277F00961BEC /* iWuBi */,
				6DAD770D225A278000961BEC /* iWuBiTests */,
				6DAD7718225A278000961BEC /* iWuBiUITests */,
				6DAD76F7225A277F00961BEC /* Products */,
				6E0C741675ABE6B74F564B0C /* Pods */,
				7367FB66A9A425040287456A /* Frameworks */,
			);
			sourceTree = "<group>";
		};
		6DAD76F7225A277F00961BEC /* Products */ = {
			isa = PBXGroup;
			children = (
				6DAD76F6225A277F00961BEC /* iWuBi.app */,
				6DAD770A225A278000961BEC /* iWuBiTests.xctest */,
				6DAD7715225A278000961BEC /* iWuBiUITests.xctest */,
			);
			name = Products;
			sourceTree = "<group>";
		};
		6DAD76F8225A277F00961BEC /* iWuBi */ = {
			isa = PBXGroup;
			children = (
				6DB88E23225B8EFE0099AC80 /* iWuBi-Bridging-Header.h */,
				6DAD76F9225A277F00961BEC /* AppDelegate.swift */,
				6DB88DE1225B8E340099AC80 /* ViewController */,
				6DB88DD4225B8E340099AC80 /* View */,
				6DB88DDD225B8E340099AC80 /* Model */,
				6DB88E1D225B8E720099AC80 /* Common */,
				6DB88DED225B8E340099AC80 /* Tools */,
				6DB88DB8225B8E340099AC80 /* Resource */,
				6DB88E29225B8F420099AC80 /* LaunchScreen.storyboard */,
				6DB88E28225B8F420099AC80 /* AppLaunchScreen.storyboard */,
				6D3B83E2225E27B500037787 /* Main.storyboard */,
				6DAD7700225A278000961BEC /* Assets.xcassets */,
				6D3B83EE225E2FE200037787 /* Info.plist */,
				6D3B83F4225E307700037787 /* InfoPlist.strings */,
				6D3B83E8225E2EFF00037787 /* LICENSE */,
				6D3B83E9225E2EFF00037787 /* README.md */,
			);
			path = iWuBi;
			sourceTree = "<group>";
		};
		6DAD770D225A278000961BEC /* iWuBiTests */ = {
			isa = PBXGroup;
			children = (
				6DAD770E225A278000961BEC /* iWuBiTests.swift */,
				6DAD7710225A278000961BEC /* Info.plist */,
			);
			path = iWuBiTests;
			sourceTree = "<group>";
		};
		6DAD7718225A278000961BEC /* iWuBiUITests */ = {
			isa = PBXGroup;
			children = (
				6DAD7719225A278000961BEC /* iWuBiUITests.swift */,
				6DAD771B225A278000961BEC /* Info.plist */,
			);
			path = iWuBiUITests;
			sourceTree = "<group>";
		};
		6DB88DB8225B8E340099AC80 /* Resource */ = {
			isa = PBXGroup;
			children = (
				6D531B6C22636D9E00C921B8 /* app-icon */,
				6D531B54226360CB00C921B8 /* wubi-img */,
				6DB88DB9225B8E340099AC80 /* Images */,
				6DB88DCD225B8E340099AC80 /* Documents */,
			);
			path = Resource;
			sourceTree = "<group>";
		};
		6DB88DB9225B8E340099AC80 /* Images */ = {
			isa = PBXGroup;
			children = (
				6D76E2D02263118D005EACCA /* tabbar_selected_86@2x.png */,
				6D76E2CE2263118C005EACCA /* tabbar_selected_86@3x.png */,
				6D76E2CF2263118C005EACCA /* tabbar_selected_98@2x.png */,
				6D76E2D12263118D005EACCA /* tabbar_selected_98@3x.png */,
				6D76E2D22263118D005EACCA /* tabbar_selected_learning@2x.png */,
				6D76E2CD2263118C005EACCA /* tabbar_selected_learning@3x.png */,
				6D76E2C9226310CE005EACCA /* tabbar_selected_setting@2x.png */,
				6D76E2CA226310CE005EACCA /* tabbar_selected_setting@3x.png */,
				6D76E2C12262DA79005EACCA /* iWuBi-qrcode.png */,
				6D3B8402225E43D700037787 /* iWuBi-word-bg.png */,
				6D3B83D5225E238200037787 /* iWuBi-orange-word.png */,
				6DB88DC0225B8E340099AC80 /* App-TextLogo-Alpha.png */,
				6DB88DC1225B8E340099AC80 /* App-share-Icon.png */,
			);
			path = Images;
			sourceTree = "<group>";
		};
		6DB88DCD225B8E340099AC80 /* Documents */ = {
			isa = PBXGroup;
			children = (
				6DB1AF982278A7710051A288 /* iHTCboyApp.json */,
				6D531B672263691400C921B8 /* 五笔知识点.txt */,
				6D76E2DB2263150B005EACCA /* iWuBi_learning.plist */,
				6D76E2DD22632972005EACCA /* HTML */,
				6DB88DCE225B8E340099AC80 /* jsonFiles */,
			);
			path = Documents;
			sourceTree = "<group>";
		};
		6DB88DCE225B8E340099AC80 /* jsonFiles */ = {
			isa = PBXGroup;
			children = (
				6DEF6235225C0FDA001A6530 /* iWuBi_code.json */,
			);
			path = jsonFiles;
			sourceTree = "<group>";
		};
		6DB88DD4225B8E340099AC80 /* View */ = {
			isa = PBXGroup;
			children = (
				6DB1AF932278A75D0051A288 /* TableHeaderView.swift */,
				6DB1AF922278A75C0051A288 /* TableHeaderView.xib */,
				6D3B83FE225E42CB00037787 /* ITListTitleViewCell.swift */,
				6D3B83FF225E42CB00037787 /* ITListTitleViewCell.xib */,
				6DB88DD7225B8E340099AC80 /* ITQuestionListViewCell.swift */,
				6DB88DDC225B8E340099AC80 /* ITQuestionListViewCell.xib */,
				6D76E27D225F95F7005EACCA /* IHTCWuBiWordViewCell.swift */,
				6D76E27E225F95F7005EACCA /* IHTCWuBiWordViewCell.xib */,
				6DB88DD8225B8E340099AC80 /* ITCopyLabel.swift */,
				6D76E2C72262DF37005EACCA /* IHTCShareFooterView.swift */,
				6D76E2C52262DC75005EACCA /* IHTCShareFooterView.xib */,
				6DB88DD9225B8E340099AC80 /* ITPageView */,
			);
			path = View;
			sourceTree = "<group>";
		};
		6DB88DD9225B8E340099AC80 /* ITPageView */ = {
			isa = PBXGroup;
			children = (
				6DB88DDA225B8E340099AC80 /* ITPageTitleView.swift */,
				6DB88DDB225B8E340099AC80 /* ITPageContentView.swift */,
			);
			path = ITPageView;
			sourceTree = "<group>";
		};
		6DB88DDD225B8E340099AC80 /* Model */ = {
			isa = PBXGroup;
			children = (
				6DC9407724308D0B009A9994 /* IHTCUserDefaults.swift */,
				6DB88DDE225B8E340099AC80 /* IHTCModel.swift */,
				6D76E27B225F9064005EACCA /* IHTCImgModel.swift */,
			);
			path = Model;
			sourceTree = "<group>";
		};
		6DB88DE1225B8E340099AC80 /* ViewController */ = {
			isa = PBXGroup;
			children = (
				6DB88DE5225B8E340099AC80 /* BaseVC */,
				6DB88DEC225B8E340099AC80 /* IHTC86WordViewController.swift */,
				6DB88DEB225B8E340099AC80 /* IHTC98WordViewController.swift */,
				6DB88DEA225B8E340099AC80 /* IHTCWordListViewController.swift */,
				6DB88DE9225B8E340099AC80 /* IHTCWordDetailViewController.swift */,
				6D76E2B4226215A6005EACCA /* IHTCSearchDetailVC.swift */,
				6D76E2A32260D7E8005EACCA /* IHTCSearchViewController.swift */,
				6D76E2A92260D97E005EACCA /* IHTCSearchViewController.xib */,
				6D76E2D922631267005EACCA /* IHTCLearnViewController.swift */,
				6D76E2F022632C1F005EACCA /* IHTCLearnDetailViewController.swift */,
				6DB88DE3225B8E340099AC80 /* IHTCMeViewController.swift */,
				6DB88DE2225B8E340099AC80 /* IHTCAboutAppViewController.swift */,
				6DB88DE8225B8E340099AC80 /* IHTCAboutAppViewController.xib */,
				6DB1AF962278A7640051A288 /* ITAdvancelDetailViewController.swift */,
				6DC9407524308B4C009A9994 /* IHTCAppearanceVC.swift */,
			);
			path = ViewController;
			sourceTree = "<group>";
		};
		6DB88DE5225B8E340099AC80 /* BaseVC */ = {
			isa = PBXGroup;
			children = (
				6DB88DE6225B8E340099AC80 /* ITBasePopTransitionVC.swift */,
				6DB88DE7225B8E340099AC80 /* ITBasePushTransitionVC.swift */,
			);
			path = BaseVC;
			sourceTree = "<group>";
		};
		6DB88DED225B8E340099AC80 /* Tools */ = {
			isa = PBXGroup;
			children = (
				6D76E2B82262D342005EACCA /* DHSmartScreenshot */,
				6DB88DEE225B8E340099AC80 /* ITScalePushTransition.swift */,
				6DB88DEF225B8E340099AC80 /* TCDataTool.swift */,
				6DB88DF0225B8E340099AC80 /* ITScalePopTransition.swift */,
			);
			path = Tools;
			sourceTree = "<group>";
		};
		6DB88E1D225B8E720099AC80 /* Common */ = {
			isa = PBXGroup;
			children = (
				6DB88E1E225B8E720099AC80 /* CommonDefine.swift */,
				6DB88E1F225B8E720099AC80 /* ITCommonAPI.swift */,
				6D76E2B62262C613005EACCA /* IAppleServiceUtil.swift */,
			);
			path = Common;
			sourceTree = "<group>";
		};
		6E0C741675ABE6B74F564B0C /* Pods */ = {
			isa = PBXGroup;
			children = (
				4DC6FA5CB566AD8744AF9589 /* Pods-iWuBi.debug.xcconfig */,
				75F9BBE4FFB8D6E6566B36DE /* Pods-iWuBi.release.xcconfig */,
				A6D1DB830F43BCBB17C8F556 /* Pods-iWuBiTests.debug.xcconfig */,
				8142ECC9484EECD7A5D29993 /* Pods-iWuBiTests.release.xcconfig */,
				37928F92B064255A22FB885E /* Pods-iWuBiUITests.debug.xcconfig */,
				0EF4ABF9754CD5F1B9DEC378 /* Pods-iWuBiUITests.release.xcconfig */,
			);
			name = Pods;
			sourceTree = "<group>";
		};
		7367FB66A9A425040287456A /* Frameworks */ = {
			isa = PBXGroup;
			children = (
				6D531B48226336BF00C921B8 /* WebKit.framework */,
				6D76E297225F9EFD005EACCA /* libz.tbd */,
				6D76E295225F9EE9005EACCA /* JavaScriptCore.framework */,
				6D76E293225F9E8B005EACCA /* StoreKit.framework */,
				6D76E291225F9E7F005EACCA /* CFNetwork.framework */,
				6D76E28F225F9E6F005EACCA /* libc++.tbd */,
				6D76E28D225F9E6A005EACCA /* SafariServices.framework */,
				6D76E28B225F9E5B005EACCA /* CoreLocation.framework */,
				6D76E289225F9E53005EACCA /* CoreGraphics.framework */,
				6D76E287225F9E4D005EACCA /* Security.framework */,
				6D76E285225F9E3E005EACCA /* CoreTelephony.framework */,
				6D76E283225F9E23005EACCA /* CoreServices.framework */,
				6D76E281225F9E0B005EACCA /* SystemConfiguration.framework */,
				5FABFA1D936DFEDD99C5AC4A /* Pods_iWuBi.framework */,
				5AA5AA6FD67142615E34DC61 /* Pods_iWuBiTests.framework */,
				F6E83B6E1E91072EBEA6E329 /* Pods_iWuBiUITests.framework */,
			);
			name = Frameworks;
			sourceTree = "<group>";
		};
/* End PBXGroup section */

/* Begin PBXNativeTarget section */
		6DAD76F5225A277F00961BEC /* iWuBi */ = {
			isa = PBXNativeTarget;
			buildConfigurationList = 6DAD771E225A278000961BEC /* Build configuration list for PBXNativeTarget "iWuBi" */;
			buildPhases = (
				D95E35F0370943427A92F898 /* [CP] Check Pods Manifest.lock */,
				6DAD76F2225A277F00961BEC /* Sources */,
				6DAD76F3225A277F00961BEC /* Frameworks */,
				6DAD76F4225A277F00961BEC /* Resources */,
				4F321F1162CEB42FBB9A3D47 /* [CP] Embed Pods Frameworks */,
			);
			buildRules = (
			);
			dependencies = (
			);
			name = iWuBi;
			productName = iWuBi;
			productReference = 6DAD76F6225A277F00961BEC /* iWuBi.app */;
			productType = "com.apple.product-type.application";
		};
		6DAD7709225A278000961BEC /* iWuBiTests */ = {
			isa = PBXNativeTarget;
			buildConfigurationList = 6DAD7721225A278000961BEC /* Build configuration list for PBXNativeTarget "iWuBiTests" */;
			buildPhases = (
				BFF21BD209DC66F9B1210992 /* [CP] Check Pods Manifest.lock */,
				6DAD7706225A278000961BEC /* Sources */,
				6DAD7707225A278000961BEC /* Frameworks */,
				6DAD7708225A278000961BEC /* Resources */,
			);
			buildRules = (
			);
			dependencies = (
				6DAD770C225A278000961BEC /* PBXTargetDependency */,
			);
			name = iWuBiTests;
			productName = iWuBiTests;
			productReference = 6DAD770A225A278000961BEC /* iWuBiTests.xctest */;
			productType = "com.apple.product-type.bundle.unit-test";
		};
		6DAD7714225A278000961BEC /* iWuBiUITests */ = {
			isa = PBXNativeTarget;
			buildConfigurationList = 6DAD7724225A278000961BEC /* Build configuration list for PBXNativeTarget "iWuBiUITests" */;
			buildPhases = (
				064F4F3CC1FE41D93F966250 /* [CP] Check Pods Manifest.lock */,
				6DAD7711225A278000961BEC /* Sources */,
				6DAD7712225A278000961BEC /* Frameworks */,
				6DAD7713225A278000961BEC /* Resources */,
			);
			buildRules = (
			);
			dependencies = (
				6DAD7717225A278000961BEC /* PBXTargetDependency */,
			);
			name = iWuBiUITests;
			productName = iWuBiUITests;
			productReference = 6DAD7715225A278000961BEC /* iWuBiUITests.xctest */;
			productType = "com.apple.product-type.bundle.ui-testing";
		};
/* End PBXNativeTarget section */

/* Begin PBXProject section */
		6DAD76EE225A277F00961BEC /* Project object */ = {
			isa = PBXProject;
			attributes = {
				LastSwiftUpdateCheck = 1020;
				LastUpgradeCheck = 1020;
				ORGANIZATIONNAME = HTC;
				TargetAttributes = {
					6DAD76F5225A277F00961BEC = {
						CreatedOnToolsVersion = 10.2;
						LastSwiftMigration = 1020;
					};
					6DAD7709225A278000961BEC = {
						CreatedOnToolsVersion = 10.2;
						TestTargetID = 6DAD76F5225A277F00961BEC;
					};
					6DAD7714225A278000961BEC = {
						CreatedOnToolsVersion = 10.2;
						TestTargetID = 6DAD76F5225A277F00961BEC;
					};
				};
			};
			buildConfigurationList = 6DAD76F1225A277F00961BEC /* Build configuration list for PBXProject "iWuBi" */;
			compatibilityVersion = "Xcode 9.3";
			developmentRegion = en;
			hasScannedForEncodings = 0;
			knownRegions = (
				en,
				Base,
				"zh-Hant",
				"zh-Hans",
			);
			mainGroup = 6DAD76ED225A277F00961BEC;
			productRefGroup = 6DAD76F7225A277F00961BEC /* Products */;
			projectDirPath = "";
			projectRoot = "";
			targets = (
				6DAD76F5225A277F00961BEC /* iWuBi */,
				6DAD7709225A278000961BEC /* iWuBiTests */,
				6DAD7714225A278000961BEC /* iWuBiUITests */,
			);
		};
/* End PBXProject section */

/* Begin PBXResourcesBuildPhase section */
		6DAD76F4225A277F00961BEC /* Resources */ = {
			isa = PBXResourcesBuildPhase;
			buildActionMask = 2147483647;
			files = (
				6D531B662263648E00C921B8 /* 新世纪版与86版变动对比图表.png in Resources */,
				6D76E2D42263118D005EACCA /* tabbar_selected_86@3x.png in Resources */,
				6D531B7E22637E4B00C921B8 /* iWiBi-orange-two@2x.png in Resources */,
				6DB1AF942278A75D0051A288 /* TableHeaderView.xib in Resources */,
				6D531B53226360C700C921B8 /* 98透明码元图001.png in Resources */,
				6D76E2C62262DC75005EACCA /* IHTCShareFooterView.xib in Resources */,
				6D531B6922636BF400C921B8 /* 五笔86版字根键盘表.png in Resources */,
				6D76E2E722632984005EACCA /* 86版速成诀窍.html in Resources */,
				6DC9406C243084D7009A9994 /* iWiBi-dark-one@3x.png in Resources */,
				6D76E2C22262DA7A005EACCA /* iWuBi-qrcode.png in Resources */,
				6DAD7701225A278000961BEC /* Assets.xcassets in Resources */,
				6D76E2E522632984005EACCA /* iWuBi-style.css in Resources */,
				6DB88E2A225B8F430099AC80 /* (null) in Resources */,
				6DB88E2C225B8F430099AC80 /* LaunchScreen.storyboard in Resources */,
				6D3B83E0225E27B500037787 /* Main.storyboard in Resources */,
				6D76E2D72263118D005EACCA /* tabbar_selected_98@3x.png in Resources */,
				6DB88E0C225B8E340099AC80 /* ITQuestionListViewCell.xib in Resources */,
				6D531B71226379CB00C921B8 /* iWiBi-orange-icon@2x.png in Resources */,
				6D3B83D6225E238300037787 /* iWuBi-orange-word.png in Resources */,
				6D3B83F2225E307700037787 /* InfoPlist.strings in Resources */,
				6D531B50226360C700C921B8 /* 98五笔码元-全图-浅黄.jpg in Resources */,
				6DEF6236225C0FDA001A6530 /* iWuBi_code.json in Resources */,
				6D531B4F226360C700C921B8 /* 98五笔码元-全图-青葱.jpg in Resources */,
				6D531B7A22637B2A00C921B8 /* AppIcon-default@3x.png in Resources */,
				6DC9406D243084D7009A9994 /* iWiBi-dark-one@2x.png in Resources */,
				6D531B7922637B2A00C921B8 /* AppIcon-default@2x.png in Resources */,
				6D76E2D82263118D005EACCA /* tabbar_selected_learning@2x.png in Resources */,
				6D76E2E322632984005EACCA /* 86版五笔字根表.html in Resources */,
				6D76E277225F883C005EACCA /* iWuBi-98-keyboard.png in Resources */,
				6DB88DF8225B8E340099AC80 /* App-share-Icon.png in Resources */,
				6D531B7622637A5000C921B8 /* iWiBi-orange-icon-light@3x.png in Resources */,
				6DF6BAC024383D59008BCD66 /* iWiBi-gray-icon@2x.png in Resources */,
				6D531B52226360C700C921B8 /* 98透明码元图002.png in Resources */,
				6D531B72226379CB00C921B8 /* iWiBi-orange-icon@3x.png in Resources */,
				6D531B642263643900C921B8 /* 新世纪五笔字根键位图1.png in Resources */,
				6D76E2EE22632992005EACCA /* 98版速成诀窍.html in Resources */,
				6D531B6B22636C3100C921B8 /* 五笔98版字根键盘表.png in Resources */,
				6D76E2D62263118D005EACCA /* tabbar_selected_86@2x.png in Resources */,
				6DB88E15225B8E340099AC80 /* IHTCAboutAppViewController.xib in Resources */,
				6D76E2EC22632992005EACCA /* 98版五笔字根表.html in Resources */,
				6D76E2CC226310CE005EACCA /* tabbar_selected_setting@3x.png in Resources */,
				6D531B5E226363D800C921B8 /* 新世纪五笔字根图2.jpg in Resources */,
				6D76E2EF22632992005EACCA /* 98版简明教程.html in Resources */,
				6D76E2E422632984005EACCA /* 86版简明教程.html in Resources */,
				6D531B8222637E8500C921B8 /* iWiBi-orange-blank@2x.png in Resources */,
				6D3B8403225E43D800037787 /* iWuBi-word-bg.png in Resources */,
				6DF6BAC124383D59008BCD66 /* iWiBi-gray-icon@3x.png in Resources */,
				6D76E2E622632984005EACCA /* 86版五笔简码.html in Resources */,
				6D531B59226362C900C921B8 /* 98五笔码元图-浅色.png in Resources */,
				6D531B8122637E8500C921B8 /* iWiBi-orange-blank@3x.png in Resources */,
				6D531B51226360C700C921B8 /* 98五笔码元-应用图.jpg in Resources */,
				6DB88E2B225B8F430099AC80 /* AppLaunchScreen.storyboard in Resources */,
				6D531B7522637A5000C921B8 /* iWiBi-orange-icon-light@2x.png in Resources */,
				6DC9407024308595009A9994 /* iWiBi-dark-two@2x.png in Resources */,
				6D531B7D22637E4B00C921B8 /* iWiBi-orange-two@3x.png in Resources */,
				6D531B5A226362C900C921B8 /* 98五笔字根全图白底.png in Resources */,
				6DB88DF7225B8E340099AC80 /* App-TextLogo-Alpha.png in Resources */,
				6D531B5F226363D800C921B8 /* 新世纪五笔字根图3.jpg in Resources */,
				6D76E275225F8829005EACCA /* iWuBi-86-keyboard.png in Resources */,
				6D76E2ED22632992005EACCA /* 98版五笔简码.html in Resources */,
				6D3B8401225E42CC00037787 /* ITListTitleViewCell.xib in Resources */,
				6D531B60226363D800C921B8 /* 新世纪五笔字根图1.jpg in Resources */,
				6D76E2DC2263150B005EACCA /* iWuBi_learning.plist in Resources */,
				6D531B632263643900C921B8 /* 新世纪五笔字根键位图2.png in Resources */,
				6D76E2A72260D97E005EACCA /* IHTCSearchViewController.xib in Resources */,
				6D76E2CB226310CE005EACCA /* tabbar_selected_setting@2x.png in Resources */,
				6D76E2D32263118D005EACCA /* tabbar_selected_learning@3x.png in Resources */,
				6DC9407124308595009A9994 /* iWiBi-dark-two@3x.png in Resources */,
				6D76E2D52263118D005EACCA /* tabbar_selected_98@2x.png in Resources */,
				6D76E280225F95F7005EACCA /* IHTCWuBiWordViewCell.xib in Resources */,
				6DB1AF992278A7710051A288 /* iHTCboyApp.json in Resources */,
				6D531B58226362C900C921B8 /* 98五笔码元图-白底.png in Resources */,
			);
			runOnlyForDeploymentPostprocessing = 0;
		};
		6DAD7708225A278000961BEC /* Resources */ = {
			isa = PBXResourcesBuildPhase;
			buildActionMask = 2147483647;
			files = (
			);
			runOnlyForDeploymentPostprocessing = 0;
		};
		6DAD7713225A278000961BEC /* Resources */ = {
			isa = PBXResourcesBuildPhase;
			buildActionMask = 2147483647;
			files = (
			);
			runOnlyForDeploymentPostprocessing = 0;
		};
/* End PBXResourcesBuildPhase section */

/* Begin PBXShellScriptBuildPhase section */
		064F4F3CC1FE41D93F966250 /* [CP] Check Pods Manifest.lock */ = {
			isa = PBXShellScriptBuildPhase;
			buildActionMask = 2147483647;
			files = (
			);
			inputFileListPaths = (
			);
			inputPaths = (
				"${PODS_PODFILE_DIR_PATH}/Podfile.lock",
				"${PODS_ROOT}/Manifest.lock",
			);
			name = "[CP] Check Pods Manifest.lock";
			outputFileListPaths = (
			);
			outputPaths = (
				"$(DERIVED_FILE_DIR)/Pods-iWuBiUITests-checkManifestLockResult.txt",
			);
			runOnlyForDeploymentPostprocessing = 0;
			shellPath = /bin/sh;
			shellScript = "diff \"${PODS_PODFILE_DIR_PATH}/Podfile.lock\" \"${PODS_ROOT}/Manifest.lock\" > /dev/null\nif [ $? != 0 ] ; then\n    # print error to STDERR\n    echo \"error: The sandbox is not in sync with the Podfile.lock. Run 'pod install' or update your CocoaPods installation.\" >&2\n    exit 1\nfi\n# This output is used by Xcode 'outputs' to avoid re-running this script phase.\necho \"SUCCESS\" > \"${SCRIPT_OUTPUT_FILE_0}\"\n";
			showEnvVarsInLog = 0;
		};
		4F321F1162CEB42FBB9A3D47 /* [CP] Embed Pods Frameworks */ = {
			isa = PBXShellScriptBuildPhase;
			buildActionMask = 2147483647;
			files = (
			);
			inputFileListPaths = (
				"${PODS_ROOT}/Target Support Files/Pods-iWuBi/Pods-iWuBi-frameworks-${CONFIGURATION}-input-files.xcfilelist",
			);
			name = "[CP] Embed Pods Frameworks";
			outputFileListPaths = (
				"${PODS_ROOT}/Target Support Files/Pods-iWuBi/Pods-iWuBi-frameworks-${CONFIGURATION}-output-files.xcfilelist",
			);
			runOnlyForDeploymentPostprocessing = 0;
			shellPath = /bin/sh;
			shellScript = "\"${PODS_ROOT}/Target Support Files/Pods-iWuBi/Pods-iWuBi-frameworks.sh\"\n";
			showEnvVarsInLog = 0;
		};
		BFF21BD209DC66F9B1210992 /* [CP] Check Pods Manifest.lock */ = {
			isa = PBXShellScriptBuildPhase;
			buildActionMask = 2147483647;
			files = (
			);
			inputFileListPaths = (
			);
			inputPaths = (
				"${PODS_PODFILE_DIR_PATH}/Podfile.lock",
				"${PODS_ROOT}/Manifest.lock",
			);
			name = "[CP] Check Pods Manifest.lock";
			outputFileListPaths = (
			);
			outputPaths = (
				"$(DERIVED_FILE_DIR)/Pods-iWuBiTests-checkManifestLockResult.txt",
			);
			runOnlyForDeploymentPostprocessing = 0;
			shellPath = /bin/sh;
			shellScript = "diff \"${PODS_PODFILE_DIR_PATH}/Podfile.lock\" \"${PODS_ROOT}/Manifest.lock\" > /dev/null\nif [ $? != 0 ] ; then\n    # print error to STDERR\n    echo \"error: The sandbox is not in sync with the Podfile.lock. Run 'pod install' or update your CocoaPods installation.\" >&2\n    exit 1\nfi\n# This output is used by Xcode 'outputs' to avoid re-running this script phase.\necho \"SUCCESS\" > \"${SCRIPT_OUTPUT_FILE_0}\"\n";
			showEnvVarsInLog = 0;
		};
		D95E35F0370943427A92F898 /* [CP] Check Pods Manifest.lock */ = {
			isa = PBXShellScriptBuildPhase;
			buildActionMask = 2147483647;
			files = (
			);
			inputFileListPaths = (
			);
			inputPaths = (
				"${PODS_PODFILE_DIR_PATH}/Podfile.lock",
				"${PODS_ROOT}/Manifest.lock",
			);
			name = "[CP] Check Pods Manifest.lock";
			outputFileListPaths = (
			);
			outputPaths = (
				"$(DERIVED_FILE_DIR)/Pods-iWuBi-checkManifestLockResult.txt",
			);
			runOnlyForDeploymentPostprocessing = 0;
			shellPath = /bin/sh;
			shellScript = "diff \"${PODS_PODFILE_DIR_PATH}/Podfile.lock\" \"${PODS_ROOT}/Manifest.lock\" > /dev/null\nif [ $? != 0 ] ; then\n    # print error to STDERR\n    echo \"error: The sandbox is not in sync with the Podfile.lock. Run 'pod install' or update your CocoaPods installation.\" >&2\n    exit 1\nfi\n# This output is used by Xcode 'outputs' to avoid re-running this script phase.\necho \"SUCCESS\" > \"${SCRIPT_OUTPUT_FILE_0}\"\n";
			showEnvVarsInLog = 0;
		};
/* End PBXShellScriptBuildPhase section */

/* Begin PBXSourcesBuildPhase section */
		6DAD76F2225A277F00961BEC /* Sources */ = {
			isa = PBXSourcesBuildPhase;
			buildActionMask = 2147483647;
			files = (
				6DB88E18225B8E340099AC80 /* IHTC98WordViewController.swift in Sources */,
				6DB88E10225B8E340099AC80 /* IHTCAboutAppViewController.swift in Sources */,
				6DB88E11225B8E340099AC80 /* IHTCMeViewController.swift in Sources */,
				6D76E2C82262DF37005EACCA /* IHTCShareFooterView.swift in Sources */,
				6DB88E0B225B8E340099AC80 /* ITPageContentView.swift in Sources */,
				6D76E2B5226215A6005EACCA /* IHTCSearchDetailVC.swift in Sources */,
				6DB88E21225B8E720099AC80 /* ITCommonAPI.swift in Sources */,
				6DB88E1B225B8E340099AC80 /* TCDataTool.swift in Sources */,
				6DB88E0D225B8E340099AC80 /* IHTCModel.swift in Sources */,
				6D76E2DA22631267005EACCA /* IHTCLearnViewController.swift in Sources */,
				6D76E2BE2262D34E005EACCA /* UIImage+Additions.swift in Sources */,
				6D76E2BF2262D34E005EACCA /* UITableView+Additions.swift in Sources */,
				6DC9407824308D0B009A9994 /* IHTCUserDefaults.swift in Sources */,
				6DB88E1A225B8E340099AC80 /* ITScalePushTransition.swift in Sources */,
				6DAD76FA225A277F00961BEC /* AppDelegate.swift in Sources */,
				6DB88E16225B8E340099AC80 /* IHTCWordDetailViewController.swift in Sources */,
				6D76E2BD2262D34E005EACCA /* UIScrollView+Additions.swift in Sources */,
				6DB1AF972278A7640051A288 /* ITAdvancelDetailViewController.swift in Sources */,
				6DC9407624308B4C009A9994 /* IHTCAppearanceVC.swift in Sources */,
				6D76E2C02262D34E005EACCA /* UIView+Additions.swift in Sources */,
				6D3B8400225E42CC00037787 /* ITListTitleViewCell.swift in Sources */,
				6DB88E08225B8E340099AC80 /* ITQuestionListViewCell.swift in Sources */,
				6DB88E09225B8E340099AC80 /* ITCopyLabel.swift in Sources */,
				6D76E2B72262C613005EACCA /* IAppleServiceUtil.swift in Sources */,
				6DB88E19225B8E340099AC80 /* IHTC86WordViewController.swift in Sources */,
				6DB88E14225B8E340099AC80 /* ITBasePushTransitionVC.swift in Sources */,
				6D76E27F225F95F7005EACCA /* IHTCWuBiWordViewCell.swift in Sources */,
				6D76E27C225F9064005EACCA /* IHTCImgModel.swift in Sources */,
				6DB88E1C225B8E340099AC80 /* ITScalePopTransition.swift in Sources */,
				6D76E2F122632C1F005EACCA /* IHTCLearnDetailViewController.swift in Sources */,
				6DB1AF952278A75D0051A288 /* TableHeaderView.swift in Sources */,
				6DB88E0A225B8E340099AC80 /* ITPageTitleView.swift in Sources */,
				6DB88E13225B8E340099AC80 /* ITBasePopTransitionVC.swift in Sources */,
				6DB88E17225B8E340099AC80 /* IHTCWordListViewController.swift in Sources */,
				6D76E2A52260D7E8005EACCA /* IHTCSearchViewController.swift in Sources */,
				6DB88E20225B8E720099AC80 /* CommonDefine.swift in Sources */,
			);
			runOnlyForDeploymentPostprocessing = 0;
		};
		6DAD7706225A278000961BEC /* Sources */ = {
			isa = PBXSourcesBuildPhase;
			buildActionMask = 2147483647;
			files = (
				6DAD770F225A278000961BEC /* iWuBiTests.swift in Sources */,
			);
			runOnlyForDeploymentPostprocessing = 0;
		};
		6DAD7711225A278000961BEC /* Sources */ = {
			isa = PBXSourcesBuildPhase;
			buildActionMask = 2147483647;
			files = (
				6DAD771A225A278000961BEC /* iWuBiUITests.swift in Sources */,
			);
			runOnlyForDeploymentPostprocessing = 0;
		};
/* End PBXSourcesBuildPhase section */

/* Begin PBXTargetDependency section */
		6DAD770C225A278000961BEC /* PBXTargetDependency */ = {
			isa = PBXTargetDependency;
			target = 6DAD76F5225A277F00961BEC /* iWuBi */;
			targetProxy = 6DAD770B225A278000961BEC /* PBXContainerItemProxy */;
		};
		6DAD7717225A278000961BEC /* PBXTargetDependency */ = {
			isa = PBXTargetDependency;
			target = 6DAD76F5225A277F00961BEC /* iWuBi */;
			targetProxy = 6DAD7716225A278000961BEC /* PBXContainerItemProxy */;
		};
/* End PBXTargetDependency section */

/* Begin PBXVariantGroup section */
		6D3B83E2225E27B500037787 /* Main.storyboard */ = {
			isa = PBXVariantGroup;
			children = (
				6D3B83E1225E27B500037787 /* Base */,
				6D3B83E4225E27BC00037787 /* zh-Hans */,
				6D76E2C42262DB2A005EACCA /* zh-Hant */,
			);
			name = Main.storyboard;
			sourceTree = "<group>";
		};
		6D3B83F4225E307700037787 /* InfoPlist.strings */ = {
			isa = PBXVariantGroup;
			children = (
				6D3B83F3225E307700037787 /* zh-Hant */,
				6D3B83F5225E307E00037787 /* zh-Hans */,
				6DC9407924309D19009A9994 /* en */,
			);
			name = InfoPlist.strings;
			sourceTree = "<group>";
		};
		6D76E2A92260D97E005EACCA /* IHTCSearchViewController.xib */ = {
			isa = PBXVariantGroup;
			children = (
				6D76E2A82260D97E005EACCA /* Base */,
				6D76E2AB2260D983005EACCA /* zh-Hans */,
				6D76E2AD2260D99E005EACCA /* zh-Hant */,
				6D76E2AF2260D9AC005EACCA /* en */,
			);
			name = IHTCSearchViewController.xib;
			sourceTree = "<group>";
		};
/* End PBXVariantGroup section */

/* Begin XCBuildConfiguration section */
		6DAD771C225A278000961BEC /* Debug */ = {
			isa = XCBuildConfiguration;
			buildSettings = {
				ALWAYS_SEARCH_USER_PATHS = NO;
				CLANG_ANALYZER_LOCALIZABILITY_NONLOCALIZED = YES;
				CLANG_ANALYZER_NONNULL = YES;
				CLANG_ANALYZER_NUMBER_OBJECT_CONVERSION = YES_AGGRESSIVE;
				CLANG_CXX_LANGUAGE_STANDARD = "gnu++14";
				CLANG_CXX_LIBRARY = "libc++";
				CLANG_ENABLE_MODULES = YES;
				CLANG_ENABLE_OBJC_ARC = YES;
				CLANG_ENABLE_OBJC_WEAK = YES;
				CLANG_WARN_BLOCK_CAPTURE_AUTORELEASING = YES;
				CLANG_WARN_BOOL_CONVERSION = YES;
				CLANG_WARN_COMMA = YES;
				CLANG_WARN_CONSTANT_CONVERSION = YES;
				CLANG_WARN_DEPRECATED_OBJC_IMPLEMENTATIONS = YES;
				CLANG_WARN_DIRECT_OBJC_ISA_USAGE = YES_ERROR;
				CLANG_WARN_DOCUMENTATION_COMMENTS = YES;
				CLANG_WARN_EMPTY_BODY = YES;
				CLANG_WARN_ENUM_CONVERSION = YES;
				CLANG_WARN_INFINITE_RECURSION = YES;
				CLANG_WARN_INT_CONVERSION = YES;
				CLANG_WARN_NON_LITERAL_NULL_CONVERSION = YES;
				CLANG_WARN_OBJC_IMPLICIT_RETAIN_SELF = YES;
				CLANG_WARN_OBJC_LITERAL_CONVERSION = YES;
				CLANG_WARN_OBJC_ROOT_CLASS = YES_ERROR;
				CLANG_WARN_RANGE_LOOP_ANALYSIS = YES;
				CLANG_WARN_STRICT_PROTOTYPES = YES;
				CLANG_WARN_SUSPICIOUS_MOVE = YES;
				CLANG_WARN_UNGUARDED_AVAILABILITY = YES_AGGRESSIVE;
				CLANG_WARN_UNREACHABLE_CODE = YES;
				CLANG_WARN__DUPLICATE_METHOD_MATCH = YES;
				CODE_SIGN_IDENTITY = "iPhone Developer";
				COPY_PHASE_STRIP = NO;
				DEBUG_INFORMATION_FORMAT = dwarf;
				ENABLE_STRICT_OBJC_MSGSEND = YES;
				ENABLE_TESTABILITY = YES;
				GCC_C_LANGUAGE_STANDARD = gnu11;
				GCC_DYNAMIC_NO_PIC = NO;
				GCC_NO_COMMON_BLOCKS = YES;
				GCC_OPTIMIZATION_LEVEL = 0;
				GCC_PREPROCESSOR_DEFINITIONS = (
					"DEBUG=1",
					"$(inherited)",
				);
				GCC_WARN_64_TO_32_BIT_CONVERSION = YES;
				GCC_WARN_ABOUT_RETURN_TYPE = YES_ERROR;
				GCC_WARN_UNDECLARED_SELECTOR = YES;
				GCC_WARN_UNINITIALIZED_AUTOS = YES_AGGRESSIVE;
				GCC_WARN_UNUSED_FUNCTION = YES;
				GCC_WARN_UNUSED_VARIABLE = YES;
				IPHONEOS_DEPLOYMENT_TARGET = 9.0;
				MTL_ENABLE_DEBUG_INFO = INCLUDE_SOURCE;
				MTL_FAST_MATH = YES;
				ONLY_ACTIVE_ARCH = YES;
				SDKROOT = iphoneos;
				SWIFT_ACTIVE_COMPILATION_CONDITIONS = DEBUG;
				SWIFT_OPTIMIZATION_LEVEL = "-Onone";
			};
			name = Debug;
		};
		6DAD771D225A278000961BEC /* Release */ = {
			isa = XCBuildConfiguration;
			buildSettings = {
				ALWAYS_SEARCH_USER_PATHS = NO;
				CLANG_ANALYZER_LOCALIZABILITY_NONLOCALIZED = YES;
				CLANG_ANALYZER_NONNULL = YES;
				CLANG_ANALYZER_NUMBER_OBJECT_CONVERSION = YES_AGGRESSIVE;
				CLANG_CXX_LANGUAGE_STANDARD = "gnu++14";
				CLANG_CXX_LIBRARY = "libc++";
				CLANG_ENABLE_MODULES = YES;
				CLANG_ENABLE_OBJC_ARC = YES;
				CLANG_ENABLE_OBJC_WEAK = YES;
				CLANG_WARN_BLOCK_CAPTURE_AUTORELEASING = YES;
				CLANG_WARN_BOOL_CONVERSION = YES;
				CLANG_WARN_COMMA = YES;
				CLANG_WARN_CONSTANT_CONVERSION = YES;
				CLANG_WARN_DEPRECATED_OBJC_IMPLEMENTATIONS = YES;
				CLANG_WARN_DIRECT_OBJC_ISA_USAGE = YES_ERROR;
				CLANG_WARN_DOCUMENTATION_COMMENTS = YES;
				CLANG_WARN_EMPTY_BODY = YES;
				CLANG_WARN_ENUM_CONVERSION = YES;
				CLANG_WARN_INFINITE_RECURSION = YES;
				CLANG_WARN_INT_CONVERSION = YES;
				CLANG_WARN_NON_LITERAL_NULL_CONVERSION = YES;
				CLANG_WARN_OBJC_IMPLICIT_RETAIN_SELF = YES;
				CLANG_WARN_OBJC_LITERAL_CONVERSION = YES;
				CLANG_WARN_OBJC_ROOT_CLASS = YES_ERROR;
				CLANG_WARN_RANGE_LOOP_ANALYSIS = YES;
				CLANG_WARN_STRICT_PROTOTYPES = YES;
				CLANG_WARN_SUSPICIOUS_MOVE = YES;
				CLANG_WARN_UNGUARDED_AVAILABILITY = YES_AGGRESSIVE;
				CLANG_WARN_UNREACHABLE_CODE = YES;
				CLANG_WARN__DUPLICATE_METHOD_MATCH = YES;
				CODE_SIGN_IDENTITY = "iPhone Developer";
				COPY_PHASE_STRIP = NO;
				DEBUG_INFORMATION_FORMAT = "dwarf-with-dsym";
				ENABLE_NS_ASSERTIONS = NO;
				ENABLE_STRICT_OBJC_MSGSEND = YES;
				GCC_C_LANGUAGE_STANDARD = gnu11;
				GCC_NO_COMMON_BLOCKS = YES;
				GCC_WARN_64_TO_32_BIT_CONVERSION = YES;
				GCC_WARN_ABOUT_RETURN_TYPE = YES_ERROR;
				GCC_WARN_UNDECLARED_SELECTOR = YES;
				GCC_WARN_UNINITIALIZED_AUTOS = YES_AGGRESSIVE;
				GCC_WARN_UNUSED_FUNCTION = YES;
				GCC_WARN_UNUSED_VARIABLE = YES;
				IPHONEOS_DEPLOYMENT_TARGET = 9.0;
				MTL_ENABLE_DEBUG_INFO = NO;
				MTL_FAST_MATH = YES;
				SDKROOT = iphoneos;
				SWIFT_COMPILATION_MODE = wholemodule;
				SWIFT_OPTIMIZATION_LEVEL = "-O";
				VALIDATE_PRODUCT = YES;
			};
			name = Release;
		};
		6DAD771F225A278000961BEC /* Debug */ = {
			isa = XCBuildConfiguration;
			baseConfigurationReference = 4DC6FA5CB566AD8744AF9589 /* Pods-iWuBi.debug.xcconfig */;
			buildSettings = {
				ASSETCATALOG_COMPILER_APPICON_NAME = AppIcon;
				CLANG_ENABLE_MODULES = YES;
				CODE_SIGN_STYLE = Automatic;
				CURRENT_PROJECT_VERSION = 2020.04.04;
				DEVELOPMENT_TEAM = 28PV6G96R7;
				INFOPLIST_FILE = iWuBi/Info.plist;
				IPHONEOS_DEPLOYMENT_TARGET = 9.0;
				LD_RUNPATH_SEARCH_PATHS = (
					"$(inherited)",
					"@executable_path/Frameworks",
				);
				LIBRARY_SEARCH_PATHS = "$(inherited)";
				MARKETING_VERSION = 3.1.0;
				PRODUCT_BUNDLE_IDENTIFIER = com.iHTCboy.iWuBi;
				PRODUCT_NAME = "$(TARGET_NAME)";
				SWIFT_OBJC_BRIDGING_HEADER = "iWuBi/iWuBi-Bridging-Header.h";
				SWIFT_OPTIMIZATION_LEVEL = "-Onone";
				SWIFT_VERSION = 5.0;
				TARGETED_DEVICE_FAMILY = "1,2";
			};
			name = Debug;
		};
		6DAD7720225A278000961BEC /* Release */ = {
			isa = XCBuildConfiguration;
			baseConfigurationReference = 75F9BBE4FFB8D6E6566B36DE /* Pods-iWuBi.release.xcconfig */;
			buildSettings = {
				ASSETCATALOG_COMPILER_APPICON_NAME = AppIcon;
				CLANG_ENABLE_MODULES = YES;
				CODE_SIGN_STYLE = Automatic;
				CURRENT_PROJECT_VERSION = 2020.04.04;
				DEVELOPMENT_TEAM = 28PV6G96R7;
				INFOPLIST_FILE = iWuBi/Info.plist;
				IPHONEOS_DEPLOYMENT_TARGET = 9.0;
				LD_RUNPATH_SEARCH_PATHS = (
					"$(inherited)",
					"@executable_path/Frameworks",
				);
				LIBRARY_SEARCH_PATHS = "$(inherited)";
				MARKETING_VERSION = 3.1.0;
				PRODUCT_BUNDLE_IDENTIFIER = com.iHTCboy.iWuBi;
				PRODUCT_NAME = "$(TARGET_NAME)";
				SWIFT_OBJC_BRIDGING_HEADER = "iWuBi/iWuBi-Bridging-Header.h";
				SWIFT_VERSION = 5.0;
				TARGETED_DEVICE_FAMILY = "1,2";
			};
			name = Release;
		};
		6DAD7722225A278000961BEC /* Debug */ = {
			isa = XCBuildConfiguration;
			baseConfigurationReference = A6D1DB830F43BCBB17C8F556 /* Pods-iWuBiTests.debug.xcconfig */;
			buildSettings = {
				ALWAYS_EMBED_SWIFT_STANDARD_LIBRARIES = YES;
				BUNDLE_LOADER = "$(TEST_HOST)";
				CODE_SIGN_STYLE = Automatic;
				DEVELOPMENT_TEAM = 28PV6G96R7;
				INFOPLIST_FILE = iWuBiTests/Info.plist;
				LD_RUNPATH_SEARCH_PATHS = (
					"$(inherited)",
					"@executable_path/Frameworks",
					"@loader_path/Frameworks",
				);
				PRODUCT_BUNDLE_IDENTIFIER = com.iHTCboy.iWuBiTests;
				PRODUCT_NAME = "$(TARGET_NAME)";
				SWIFT_VERSION = 5.0;
				TARGETED_DEVICE_FAMILY = "1,2";
				TEST_HOST = "$(BUILT_PRODUCTS_DIR)/iWuBi.app/iWuBi";
			};
			name = Debug;
		};
		6DAD7723225A278000961BEC /* Release */ = {
			isa = XCBuildConfiguration;
			baseConfigurationReference = 8142ECC9484EECD7A5D29993 /* Pods-iWuBiTests.release.xcconfig */;
			buildSettings = {
				ALWAYS_EMBED_SWIFT_STANDARD_LIBRARIES = YES;
				BUNDLE_LOADER = "$(TEST_HOST)";
				CODE_SIGN_STYLE = Automatic;
				DEVELOPMENT_TEAM = 28PV6G96R7;
				INFOPLIST_FILE = iWuBiTests/Info.plist;
				LD_RUNPATH_SEARCH_PATHS = (
					"$(inherited)",
					"@executable_path/Frameworks",
					"@loader_path/Frameworks",
				);
				PRODUCT_BUNDLE_IDENTIFIER = com.iHTCboy.iWuBiTests;
				PRODUCT_NAME = "$(TARGET_NAME)";
				SWIFT_VERSION = 5.0;
				TARGETED_DEVICE_FAMILY = "1,2";
				TEST_HOST = "$(BUILT_PRODUCTS_DIR)/iWuBi.app/iWuBi";
			};
			name = Release;
		};
		6DAD7725225A278000961BEC /* Debug */ = {
			isa = XCBuildConfiguration;
			baseConfigurationReference = 37928F92B064255A22FB885E /* Pods-iWuBiUITests.debug.xcconfig */;
			buildSettings = {
				ALWAYS_EMBED_SWIFT_STANDARD_LIBRARIES = YES;
				CODE_SIGN_STYLE = Automatic;
				DEVELOPMENT_TEAM = 28PV6G96R7;
				INFOPLIST_FILE = iWuBiUITests/Info.plist;
				LD_RUNPATH_SEARCH_PATHS = (
					"$(inherited)",
					"@executable_path/Frameworks",
					"@loader_path/Frameworks",
				);
				PRODUCT_BUNDLE_IDENTIFIER = com.iHTCboy.iWuBiUITests;
				PRODUCT_NAME = "$(TARGET_NAME)";
				SWIFT_VERSION = 5.0;
				TARGETED_DEVICE_FAMILY = "1,2";
				TEST_TARGET_NAME = iWuBi;
			};
			name = Debug;
		};
		6DAD7726225A278000961BEC /* Release */ = {
			isa = XCBuildConfiguration;
			baseConfigurationReference = 0EF4ABF9754CD5F1B9DEC378 /* Pods-iWuBiUITests.release.xcconfig */;
			buildSettings = {
				ALWAYS_EMBED_SWIFT_STANDARD_LIBRARIES = YES;
				CODE_SIGN_STYLE = Automatic;
				DEVELOPMENT_TEAM = 28PV6G96R7;
				INFOPLIST_FILE = iWuBiUITests/Info.plist;
				LD_RUNPATH_SEARCH_PATHS = (
					"$(inherited)",
					"@executable_path/Frameworks",
					"@loader_path/Frameworks",
				);
				PRODUCT_BUNDLE_IDENTIFIER = com.iHTCboy.iWuBiUITests;
				PRODUCT_NAME = "$(TARGET_NAME)";
				SWIFT_VERSION = 5.0;
				TARGETED_DEVICE_FAMILY = "1,2";
				TEST_TARGET_NAME = iWuBi;
			};
			name = Release;
		};
/* End XCBuildConfiguration section */

/* Begin XCConfigurationList section */
		6DAD76F1225A277F00961BEC /* Build configuration list for PBXProject "iWuBi" */ = {
			isa = XCConfigurationList;
			buildConfigurations = (
				6DAD771C225A278000961BEC /* Debug */,
				6DAD771D225A278000961BEC /* Release */,
			);
			defaultConfigurationIsVisible = 0;
			defaultConfigurationName = Release;
		};
		6DAD771E225A278000961BEC /* Build configuration list for PBXNativeTarget "iWuBi" */ = {
			isa = XCConfigurationList;
			buildConfigurations = (
				6DAD771F225A278000961BEC /* Debug */,
				6DAD7720225A278000961BEC /* Release */,
			);
			defaultConfigurationIsVisible = 0;
			defaultConfigurationName = Release;
		};
		6DAD7721225A278000961BEC /* Build configuration list for PBXNativeTarget "iWuBiTests" */ = {
			isa = XCConfigurationList;
			buildConfigurations = (
				6DAD7722225A278000961BEC /* Debug */,
				6DAD7723225A278000961BEC /* Release */,
			);
			defaultConfigurationIsVisible = 0;
			defaultConfigurationName = Release;
		};
		6DAD7724225A278000961BEC /* Build configuration list for PBXNativeTarget "iWuBiUITests" */ = {
			isa = XCConfigurationList;
			buildConfigurations = (
				6DAD7725225A278000961BEC /* Debug */,
				6DAD7726225A278000961BEC /* Release */,
			);
			defaultConfigurationIsVisible = 0;
			defaultConfigurationName = Release;
		};
/* End XCConfigurationList section */
	};
	rootObject = 6DAD76EE225A277F00961BEC /* Project object */;
}
