// !$*UTF8*$!
{
	archiveVersion = 1;
	classes = {
	};
	objectVersion = 50;
	objects = {

/* Begin PBXBuildFile section */
		2D6303726115B67060D09E85 /* Pods_iWuBiTests.framework in Frameworks */ = {isa = PBXBuildFile; fileRef = 5AA5AA6FD67142615E34DC61 /* Pods_iWuBiTests.framework */; };
		3719B7397CAA52057F9F1153 /* Pods_iWuBiUITests.framework in Frameworks */ = {isa = PBXBuildFile; fileRef = F6E83B6E1E91072EBEA6E329 /* Pods_iWuBiUITests.framework */; };
		6DAD76FA225A277F00961BEC /* AppDelegate.swift in Sources */ = {isa = PBXBuildFile; fileRef = 6DAD76F9225A277F00961BEC /* AppDelegate.swift */; };
		6DAD7701225A278000961BEC /* Assets.xcassets in Resources */ = {isa = PBXBuildFile; fileRef = 6DAD7700225A278000961BEC /* Assets.xcassets */; };
		6DAD770F225A278000961BEC /* iWuBiTests.swift in Sources */ = {isa = PBXBuildFile; fileRef = 6DAD770E225A278000961BEC /* iWuBiTests.swift */; };
		6DAD771A225A278000961BEC /* iWuBiUITests.swift in Sources */ = {isa = PBXBuildFile; fileRef = 6DAD7719225A278000961BEC /* iWuBiUITests.swift */; };
		6DB88DF1225B8E340099AC80 /* language_tabbar_selected@2x.png in Resources */ = {isa = PBXBuildFile; fileRef = 6DB88DBA225B8E340099AC80 /* language_tabbar_selected@2x.png */; };
		6DB88DF2225B8E340099AC80 /* italkerman_gray@3x.png in Resources */ = {isa = PBXBuildFile; fileRef = 6DB88DBB225B8E340099AC80 /* italkerman_gray@3x.png */; };
		6DB88DF3225B8E340099AC80 /* company_tabbar_selected@2x.png in Resources */ = {isa = PBXBuildFile; fileRef = 6DB88DBC225B8E340099AC80 /* company_tabbar_selected@2x.png */; };
		6DB88DF4225B8E340099AC80 /* company_tabbar_selected@3x.png in Resources */ = {isa = PBXBuildFile; fileRef = 6DB88DBD225B8E340099AC80 /* company_tabbar_selected@3x.png */; };
		6DB88DF5225B8E340099AC80 /* italkerman_gray@2x.png in Resources */ = {isa = PBXBuildFile; fileRef = 6DB88DBE225B8E340099AC80 /* italkerman_gray@2x.png */; };
		6DB88DF6225B8E340099AC80 /* language_tabbar_selected@3x.png in Resources */ = {isa = PBXBuildFile; fileRef = 6DB88DBF225B8E340099AC80 /* language_tabbar_selected@3x.png */; };
		6DB88DF7225B8E340099AC80 /* App-TextLogo-Alpha.png in Resources */ = {isa = PBXBuildFile; fileRef = 6DB88DC0225B8E340099AC80 /* App-TextLogo-Alpha.png */; };
		6DB88DF8225B8E340099AC80 /* App-share-Icon.png in Resources */ = {isa = PBXBuildFile; fileRef = 6DB88DC1225B8E340099AC80 /* App-share-Icon.png */; };
		6DB88DF9225B8E340099AC80 /* Engineer_selected@3x.png in Resources */ = {isa = PBXBuildFile; fileRef = 6DB88DC2225B8E340099AC80 /* Engineer_selected@3x.png */; };
		6DB88DFA225B8E340099AC80 /* Engineer_normal@2x.png in Resources */ = {isa = PBXBuildFile; fileRef = 6DB88DC3225B8E340099AC80 /* Engineer_normal@2x.png */; };
		6DB88DFB225B8E340099AC80 /* Engineer_normal@3x.png in Resources */ = {isa = PBXBuildFile; fileRef = 6DB88DC4225B8E340099AC80 /* Engineer_normal@3x.png */; };
		6DB88DFC225B8E340099AC80 /* Engineer_selected@2x.png in Resources */ = {isa = PBXBuildFile; fileRef = 6DB88DC5225B8E340099AC80 /* Engineer_selected@2x.png */; };
		6DB88DFD225B8E340099AC80 /* language_tabbar_normal@2x.png in Resources */ = {isa = PBXBuildFile; fileRef = 6DB88DC6225B8E340099AC80 /* language_tabbar_normal@2x.png */; };
		6DB88DFE225B8E340099AC80 /* company_tabbar_normal@2x.png in Resources */ = {isa = PBXBuildFile; fileRef = 6DB88DC7225B8E340099AC80 /* company_tabbar_normal@2x.png */; };
		6DB88DFF225B8E340099AC80 /* iTalkerman_blue@3x.png in Resources */ = {isa = PBXBuildFile; fileRef = 6DB88DC8225B8E340099AC80 /* iTalkerman_blue@3x.png */; };
		6DB88E00225B8E340099AC80 /* iTalkerman_blue@2x.png in Resources */ = {isa = PBXBuildFile; fileRef = 6DB88DC9225B8E340099AC80 /* iTalkerman_blue@2x.png */; };
		6DB88E01225B8E340099AC80 /* company_tabbar_normal@3x.png in Resources */ = {isa = PBXBuildFile; fileRef = 6DB88DCA225B8E340099AC80 /* company_tabbar_normal@3x.png */; };
		6DB88E02225B8E340099AC80 /* App-LaunchScreen-Image.png in Resources */ = {isa = PBXBuildFile; fileRef = 6DB88DCB225B8E340099AC80 /* App-LaunchScreen-Image.png */; };
		6DB88E03225B8E340099AC80 /* language_tabbar_normal@3x.png in Resources */ = {isa = PBXBuildFile; fileRef = 6DB88DCC225B8E340099AC80 /* language_tabbar_normal@3x.png */; };
		6DB88E05225B8E340099AC80 /* libBaiduMobStat.a in Frameworks */ = {isa = PBXBuildFile; fileRef = 6DB88DD2225B8E340099AC80 /* libBaiduMobStat.a */; };
		6DB88E06225B8E340099AC80 /* ITQuestionDetailViewCell.xib in Resources */ = {isa = PBXBuildFile; fileRef = 6DB88DD5225B8E340099AC80 /* ITQuestionDetailViewCell.xib */; };
		6DB88E07225B8E340099AC80 /* ITQuestionDetailViewCell.swift in Sources */ = {isa = PBXBuildFile; fileRef = 6DB88DD6225B8E340099AC80 /* ITQuestionDetailViewCell.swift */; };
		6DB88E08225B8E340099AC80 /* ITQuestionListViewCell.swift in Sources */ = {isa = PBXBuildFile; fileRef = 6DB88DD7225B8E340099AC80 /* ITQuestionListViewCell.swift */; };
		6DB88E09225B8E340099AC80 /* ITCopyLabel.swift in Sources */ = {isa = PBXBuildFile; fileRef = 6DB88DD8225B8E340099AC80 /* ITCopyLabel.swift */; };
		6DB88E0A225B8E340099AC80 /* ITPageTitleView.swift in Sources */ = {isa = PBXBuildFile; fileRef = 6DB88DDA225B8E340099AC80 /* ITPageTitleView.swift */; };
		6DB88E0B225B8E340099AC80 /* ITPageContentView.swift in Sources */ = {isa = PBXBuildFile; fileRef = 6DB88DDB225B8E340099AC80 /* ITPageContentView.swift */; };
		6DB88E0C225B8E340099AC80 /* ITQuestionListViewCell.xib in Resources */ = {isa = PBXBuildFile; fileRef = 6DB88DDC225B8E340099AC80 /* ITQuestionListViewCell.xib */; };
		6DB88E0D225B8E340099AC80 /* IHTCModel.swift in Sources */ = {isa = PBXBuildFile; fileRef = 6DB88DDE225B8E340099AC80 /* IHTCModel.swift */; };
		6DB88E0E225B8E340099AC80 /* ITModel.swift in Sources */ = {isa = PBXBuildFile; fileRef = 6DB88DDF225B8E340099AC80 /* ITModel.swift */; };
		6DB88E0F225B8E340099AC80 /* ITQuestionModel.swift in Sources */ = {isa = PBXBuildFile; fileRef = 6DB88DE0225B8E340099AC80 /* ITQuestionModel.swift */; };
		6DB88E10225B8E340099AC80 /* ITAboutAppVC.swift in Sources */ = {isa = PBXBuildFile; fileRef = 6DB88DE2225B8E340099AC80 /* ITAboutAppVC.swift */; };
		6DB88E11225B8E340099AC80 /* ITProgrammerVC.swift in Sources */ = {isa = PBXBuildFile; fileRef = 6DB88DE3225B8E340099AC80 /* ITProgrammerVC.swift */; };
		6DB88E13225B8E340099AC80 /* ITBasePopTransitionVC.swift in Sources */ = {isa = PBXBuildFile; fileRef = 6DB88DE6225B8E340099AC80 /* ITBasePopTransitionVC.swift */; };
		6DB88E14225B8E340099AC80 /* ITBasePushTransitionVC.swift in Sources */ = {isa = PBXBuildFile; fileRef = 6DB88DE7225B8E340099AC80 /* ITBasePushTransitionVC.swift */; };
		6DB88E15225B8E340099AC80 /* ITAboutAppVC.xib in Resources */ = {isa = PBXBuildFile; fileRef = 6DB88DE8225B8E340099AC80 /* ITAboutAppVC.xib */; };
		6DB88E16225B8E340099AC80 /* ITQuestionDetailViewController.swift in Sources */ = {isa = PBXBuildFile; fileRef = 6DB88DE9225B8E340099AC80 /* ITQuestionDetailViewController.swift */; };
		6DB88E17225B8E340099AC80 /* ITQuestionListViewController.swift in Sources */ = {isa = PBXBuildFile; fileRef = 6DB88DEA225B8E340099AC80 /* ITQuestionListViewController.swift */; };
		6DB88E18225B8E340099AC80 /* ITProfessionViewController.swift in Sources */ = {isa = PBXBuildFile; fileRef = 6DB88DEB225B8E340099AC80 /* ITProfessionViewController.swift */; };
		6DB88E19225B8E340099AC80 /* ITLanguageViewController.swift in Sources */ = {isa = PBXBuildFile; fileRef = 6DB88DEC225B8E340099AC80 /* ITLanguageViewController.swift */; };
		6DB88E1A225B8E340099AC80 /* ITScalePushTransition.swift in Sources */ = {isa = PBXBuildFile; fileRef = 6DB88DEE225B8E340099AC80 /* ITScalePushTransition.swift */; };
		6DB88E1B225B8E340099AC80 /* TCDataTool.swift in Sources */ = {isa = PBXBuildFile; fileRef = 6DB88DEF225B8E340099AC80 /* TCDataTool.swift */; };
		6DB88E1C225B8E340099AC80 /* ITScalePopTransition.swift in Sources */ = {isa = PBXBuildFile; fileRef = 6DB88DF0225B8E340099AC80 /* ITScalePopTransition.swift */; };
		6DB88E20225B8E720099AC80 /* CommonDefine.swift in Sources */ = {isa = PBXBuildFile; fileRef = 6DB88E1E225B8E720099AC80 /* CommonDefine.swift */; };
		6DB88E21225B8E720099AC80 /* ITCommonAPI.swift in Sources */ = {isa = PBXBuildFile; fileRef = 6DB88E1F225B8E720099AC80 /* ITCommonAPI.swift */; };
		6DB88E2A225B8F430099AC80 /* Main.storyboard in Resources */ = {isa = PBXBuildFile; fileRef = 6DB88E27225B8F420099AC80 /* Main.storyboard */; };
		6DB88E2B225B8F430099AC80 /* AppLaunchScreen.storyboard in Resources */ = {isa = PBXBuildFile; fileRef = 6DB88E28225B8F420099AC80 /* AppLaunchScreen.storyboard */; };
		6DB88E2C225B8F430099AC80 /* LaunchScreen.storyboard in Resources */ = {isa = PBXBuildFile; fileRef = 6DB88E29225B8F420099AC80 /* LaunchScreen.storyboard */; };
		6DEF6236225C0FDA001A6530 /* iWuBi_code.json in Resources */ = {isa = PBXBuildFile; fileRef = 6DEF6235225C0FDA001A6530 /* iWuBi_code.json */; };
		C833D47BF34102E21135BC39 /* Pods_iWuBi.framework in Frameworks */ = {isa = PBXBuildFile; fileRef = 5FABFA1D936DFEDD99C5AC4A /* Pods_iWuBi.framework */; };
/* End PBXBuildFile section */

/* Begin PBXContainerItemProxy section */
		6DAD770B225A278000961BEC /* PBXContainerItemProxy */ = {
			isa = PBXContainerItemProxy;
			containerPortal = 6DAD76EE225A277F00961BEC /* Project object */;
			proxyType = 1;
			remoteGlobalIDString = 6DAD76F5225A277F00961BEC;
			remoteInfo = iWuBi;
		};
		6DAD7716225A278000961BEC /* PBXContainerItemProxy */ = {
			isa = PBXContainerItemProxy;
			containerPortal = 6DAD76EE225A277F00961BEC /* Project object */;
			proxyType = 1;
			remoteGlobalIDString = 6DAD76F5225A277F00961BEC;
			remoteInfo = iWuBi;
		};
/* End PBXContainerItemProxy section */

/* Begin PBXFileReference section */
		0EF4ABF9754CD5F1B9DEC378 /* Pods-iWuBiUITests.release.xcconfig */ = {isa = PBXFileReference; includeInIndex = 1; lastKnownFileType = text.xcconfig; name = "Pods-iWuBiUITests.release.xcconfig"; path = "Pods/Target Support Files/Pods-iWuBiUITests/Pods-iWuBiUITests.release.xcconfig"; sourceTree = "<group>"; };
		37928F92B064255A22FB885E /* Pods-iWuBiUITests.debug.xcconfig */ = {isa = PBXFileReference; includeInIndex = 1; lastKnownFileType = text.xcconfig; name = "Pods-iWuBiUITests.debug.xcconfig"; path = "Pods/Target Support Files/Pods-iWuBiUITests/Pods-iWuBiUITests.debug.xcconfig"; sourceTree = "<group>"; };
		4DC6FA5CB566AD8744AF9589 /* Pods-iWuBi.debug.xcconfig */ = {isa = PBXFileReference; includeInIndex = 1; lastKnownFileType = text.xcconfig; name = "Pods-iWuBi.debug.xcconfig"; path = "Pods/Target Support Files/Pods-iWuBi/Pods-iWuBi.debug.xcconfig"; sourceTree = "<group>"; };
		5AA5AA6FD67142615E34DC61 /* Pods_iWuBiTests.framework */ = {isa = PBXFileReference; explicitFileType = wrapper.framework; includeInIndex = 0; path = Pods_iWuBiTests.framework; sourceTree = BUILT_PRODUCTS_DIR; };
		5FABFA1D936DFEDD99C5AC4A /* Pods_iWuBi.framework */ = {isa = PBXFileReference; explicitFileType = wrapper.framework; includeInIndex = 0; path = Pods_iWuBi.framework; sourceTree = BUILT_PRODUCTS_DIR; };
		6DAD76F6225A277F00961BEC /* iWuBi.app */ = {isa = PBXFileReference; explicitFileType = wrapper.application; includeInIndex = 0; path = iWuBi.app; sourceTree = BUILT_PRODUCTS_DIR; };
		6DAD76F9225A277F00961BEC /* AppDelegate.swift */ = {isa = PBXFileReference; lastKnownFileType = sourcecode.swift; path = AppDelegate.swift; sourceTree = "<group>"; };
		6DAD7700225A278000961BEC /* Assets.xcassets */ = {isa = PBXFileReference; lastKnownFileType = folder.assetcatalog; path = Assets.xcassets; sourceTree = "<group>"; };
		6DAD7705225A278000961BEC /* Info.plist */ = {isa = PBXFileReference; lastKnownFileType = text.plist.xml; path = Info.plist; sourceTree = "<group>"; };
		6DAD770A225A278000961BEC /* iWuBiTests.xctest */ = {isa = PBXFileReference; explicitFileType = wrapper.cfbundle; includeInIndex = 0; path = iWuBiTests.xctest; sourceTree = BUILT_PRODUCTS_DIR; };
		6DAD770E225A278000961BEC /* iWuBiTests.swift */ = {isa = PBXFileReference; lastKnownFileType = sourcecode.swift; path = iWuBiTests.swift; sourceTree = "<group>"; };
		6DAD7710225A278000961BEC /* Info.plist */ = {isa = PBXFileReference; lastKnownFileType = text.plist.xml; path = Info.plist; sourceTree = "<group>"; };
		6DAD7715225A278000961BEC /* iWuBiUITests.xctest */ = {isa = PBXFileReference; explicitFileType = wrapper.cfbundle; includeInIndex = 0; path = iWuBiUITests.xctest; sourceTree = BUILT_PRODUCTS_DIR; };
		6DAD7719225A278000961BEC /* iWuBiUITests.swift */ = {isa = PBXFileReference; lastKnownFileType = sourcecode.swift; path = iWuBiUITests.swift; sourceTree = "<group>"; };
		6DAD771B225A278000961BEC /* Info.plist */ = {isa = PBXFileReference; lastKnownFileType = text.plist.xml; path = Info.plist; sourceTree = "<group>"; };
		6DB88DBA225B8E340099AC80 /* language_tabbar_selected@2x.png */ = {isa = PBXFileReference; lastKnownFileType = image.png; path = "language_tabbar_selected@2x.png"; sourceTree = "<group>"; };
		6DB88DBB225B8E340099AC80 /* italkerman_gray@3x.png */ = {isa = PBXFileReference; lastKnownFileType = image.png; path = "italkerman_gray@3x.png"; sourceTree = "<group>"; };
		6DB88DBC225B8E340099AC80 /* company_tabbar_selected@2x.png */ = {isa = PBXFileReference; lastKnownFileType = image.png; path = "company_tabbar_selected@2x.png"; sourceTree = "<group>"; };
		6DB88DBD225B8E340099AC80 /* company_tabbar_selected@3x.png */ = {isa = PBXFileReference; lastKnownFileType = image.png; path = "company_tabbar_selected@3x.png"; sourceTree = "<group>"; };
		6DB88DBE225B8E340099AC80 /* italkerman_gray@2x.png */ = {isa = PBXFileReference; lastKnownFileType = image.png; path = "italkerman_gray@2x.png"; sourceTree = "<group>"; };
		6DB88DBF225B8E340099AC80 /* language_tabbar_selected@3x.png */ = {isa = PBXFileReference; lastKnownFileType = image.png; path = "language_tabbar_selected@3x.png"; sourceTree = "<group>"; };
		6DB88DC0225B8E340099AC80 /* App-TextLogo-Alpha.png */ = {isa = PBXFileReference; lastKnownFileType = image.png; path = "App-TextLogo-Alpha.png"; sourceTree = "<group>"; };
		6DB88DC1225B8E340099AC80 /* App-share-Icon.png */ = {isa = PBXFileReference; lastKnownFileType = image.png; path = "App-share-Icon.png"; sourceTree = "<group>"; };
		6DB88DC2225B8E340099AC80 /* Engineer_selected@3x.png */ = {isa = PBXFileReference; lastKnownFileType = image.png; path = "Engineer_selected@3x.png"; sourceTree = "<group>"; };
		6DB88DC3225B8E340099AC80 /* Engineer_normal@2x.png */ = {isa = PBXFileReference; lastKnownFileType = image.png; path = "Engineer_normal@2x.png"; sourceTree = "<group>"; };
		6DB88DC4225B8E340099AC80 /* Engineer_normal@3x.png */ = {isa = PBXFileReference; lastKnownFileType = image.png; path = "Engineer_normal@3x.png"; sourceTree = "<group>"; };
		6DB88DC5225B8E340099AC80 /* Engineer_selected@2x.png */ = {isa = PBXFileReference; lastKnownFileType = image.png; path = "Engineer_selected@2x.png"; sourceTree = "<group>"; };
		6DB88DC6225B8E340099AC80 /* language_tabbar_normal@2x.png */ = {isa = PBXFileReference; lastKnownFileType = image.png; path = "language_tabbar_normal@2x.png"; sourceTree = "<group>"; };
		6DB88DC7225B8E340099AC80 /* company_tabbar_normal@2x.png */ = {isa = PBXFileReference; lastKnownFileType = image.png; path = "company_tabbar_normal@2x.png"; sourceTree = "<group>"; };
		6DB88DC8225B8E340099AC80 /* iTalkerman_blue@3x.png */ = {isa = PBXFileReference; lastKnownFileType = image.png; path = "iTalkerman_blue@3x.png"; sourceTree = "<group>"; };
		6DB88DC9225B8E340099AC80 /* iTalkerman_blue@2x.png */ = {isa = PBXFileReference; lastKnownFileType = image.png; path = "iTalkerman_blue@2x.png"; sourceTree = "<group>"; };
		6DB88DCA225B8E340099AC80 /* company_tabbar_normal@3x.png */ = {isa = PBXFileReference; lastKnownFileType = image.png; path = "company_tabbar_normal@3x.png"; sourceTree = "<group>"; };
		6DB88DCB225B8E340099AC80 /* App-LaunchScreen-Image.png */ = {isa = PBXFileReference; lastKnownFileType = image.png; path = "App-LaunchScreen-Image.png"; sourceTree = "<group>"; };
		6DB88DCC225B8E340099AC80 /* language_tabbar_normal@3x.png */ = {isa = PBXFileReference; lastKnownFileType = image.png; path = "language_tabbar_normal@3x.png"; sourceTree = "<group>"; };
		6DB88DD2225B8E340099AC80 /* libBaiduMobStat.a */ = {isa = PBXFileReference; lastKnownFileType = archive.ar; path = libBaiduMobStat.a; sourceTree = "<group>"; };
		6DB88DD5225B8E340099AC80 /* ITQuestionDetailViewCell.xib */ = {isa = PBXFileReference; fileEncoding = 4; lastKnownFileType = file.xib; path = ITQuestionDetailViewCell.xib; sourceTree = "<group>"; };
		6DB88DD6225B8E340099AC80 /* ITQuestionDetailViewCell.swift */ = {isa = PBXFileReference; fileEncoding = 4; lastKnownFileType = sourcecode.swift; path = ITQuestionDetailViewCell.swift; sourceTree = "<group>"; };
		6DB88DD7225B8E340099AC80 /* ITQuestionListViewCell.swift */ = {isa = PBXFileReference; fileEncoding = 4; lastKnownFileType = sourcecode.swift; path = ITQuestionListViewCell.swift; sourceTree = "<group>"; };
		6DB88DD8225B8E340099AC80 /* ITCopyLabel.swift */ = {isa = PBXFileReference; fileEncoding = 4; lastKnownFileType = sourcecode.swift; path = ITCopyLabel.swift; sourceTree = "<group>"; };
		6DB88DDA225B8E340099AC80 /* ITPageTitleView.swift */ = {isa = PBXFileReference; fileEncoding = 4; lastKnownFileType = sourcecode.swift; path = ITPageTitleView.swift; sourceTree = "<group>"; };
		6DB88DDB225B8E340099AC80 /* ITPageContentView.swift */ = {isa = PBXFileReference; fileEncoding = 4; lastKnownFileType = sourcecode.swift; path = ITPageContentView.swift; sourceTree = "<group>"; };
		6DB88DDC225B8E340099AC80 /* ITQuestionListViewCell.xib */ = {isa = PBXFileReference; fileEncoding = 4; lastKnownFileType = file.xib; path = ITQuestionListViewCell.xib; sourceTree = "<group>"; };
		6DB88DDE225B8E340099AC80 /* IHTCModel.swift */ = {isa = PBXFileReference; fileEncoding = 4; lastKnownFileType = sourcecode.swift; path = IHTCModel.swift; sourceTree = "<group>"; };
		6DB88DDF225B8E340099AC80 /* ITModel.swift */ = {isa = PBXFileReference; fileEncoding = 4; lastKnownFileType = sourcecode.swift; path = ITModel.swift; sourceTree = "<group>"; };
		6DB88DE0225B8E340099AC80 /* ITQuestionModel.swift */ = {isa = PBXFileReference; fileEncoding = 4; lastKnownFileType = sourcecode.swift; path = ITQuestionModel.swift; sourceTree = "<group>"; };
		6DB88DE2225B8E340099AC80 /* ITAboutAppVC.swift */ = {isa = PBXFileReference; fileEncoding = 4; lastKnownFileType = sourcecode.swift; path = ITAboutAppVC.swift; sourceTree = "<group>"; };
		6DB88DE3225B8E340099AC80 /* ITProgrammerVC.swift */ = {isa = PBXFileReference; fileEncoding = 4; lastKnownFileType = sourcecode.swift; path = ITProgrammerVC.swift; sourceTree = "<group>"; };
		6DB88DE6225B8E340099AC80 /* ITBasePopTransitionVC.swift */ = {isa = PBXFileReference; fileEncoding = 4; lastKnownFileType = sourcecode.swift; path = ITBasePopTransitionVC.swift; sourceTree = "<group>"; };
		6DB88DE7225B8E340099AC80 /* ITBasePushTransitionVC.swift */ = {isa = PBXFileReference; fileEncoding = 4; lastKnownFileType = sourcecode.swift; path = ITBasePushTransitionVC.swift; sourceTree = "<group>"; };
		6DB88DE8225B8E340099AC80 /* ITAboutAppVC.xib */ = {isa = PBXFileReference; fileEncoding = 4; lastKnownFileType = file.xib; path = ITAboutAppVC.xib; sourceTree = "<group>"; };
		6DB88DE9225B8E340099AC80 /* ITQuestionDetailViewController.swift */ = {isa = PBXFileReference; fileEncoding = 4; lastKnownFileType = sourcecode.swift; path = ITQuestionDetailViewController.swift; sourceTree = "<group>"; };
		6DB88DEA225B8E340099AC80 /* ITQuestionListViewController.swift */ = {isa = PBXFileReference; fileEncoding = 4; lastKnownFileType = sourcecode.swift; path = ITQuestionListViewController.swift; sourceTree = "<group>"; };
		6DB88DEB225B8E340099AC80 /* ITProfessionViewController.swift */ = {isa = PBXFileReference; fileEncoding = 4; lastKnownFileType = sourcecode.swift; path = ITProfessionViewController.swift; sourceTree = "<group>"; };
		6DB88DEC225B8E340099AC80 /* ITLanguageViewController.swift */ = {isa = PBXFileReference; fileEncoding = 4; lastKnownFileType = sourcecode.swift; path = ITLanguageViewController.swift; sourceTree = "<group>"; };
		6DB88DEE225B8E340099AC80 /* ITScalePushTransition.swift */ = {isa = PBXFileReference; fileEncoding = 4; lastKnownFileType = sourcecode.swift; path = ITScalePushTransition.swift; sourceTree = "<group>"; };
		6DB88DEF225B8E340099AC80 /* TCDataTool.swift */ = {isa = PBXFileReference; fileEncoding = 4; lastKnownFileType = sourcecode.swift; path = TCDataTool.swift; sourceTree = "<group>"; };
		6DB88DF0225B8E340099AC80 /* ITScalePopTransition.swift */ = {isa = PBXFileReference; fileEncoding = 4; lastKnownFileType = sourcecode.swift; path = ITScalePopTransition.swift; sourceTree = "<group>"; };
		6DB88E1E225B8E720099AC80 /* CommonDefine.swift */ = {isa = PBXFileReference; fileEncoding = 4; lastKnownFileType = sourcecode.swift; path = CommonDefine.swift; sourceTree = "<group>"; };
		6DB88E1F225B8E720099AC80 /* ITCommonAPI.swift */ = {isa = PBXFileReference; fileEncoding = 4; lastKnownFileType = sourcecode.swift; path = ITCommonAPI.swift; sourceTree = "<group>"; };
		6DB88E22225B8EE90099AC80 /* BaiduMobStat.h */ = {isa = PBXFileReference; fileEncoding = 4; lastKnownFileType = sourcecode.c.h; path = BaiduMobStat.h; sourceTree = "<group>"; };
		6DB88E23225B8EFE0099AC80 /* iWuBi-Bridging-Header.h */ = {isa = PBXFileReference; lastKnownFileType = sourcecode.c.h; path = "iWuBi-Bridging-Header.h"; sourceTree = "<group>"; };
		6DB88E27225B8F420099AC80 /* Main.storyboard */ = {isa = PBXFileReference; fileEncoding = 4; lastKnownFileType = file.storyboard; path = Main.storyboard; sourceTree = "<group>"; };
		6DB88E28225B8F420099AC80 /* AppLaunchScreen.storyboard */ = {isa = PBXFileReference; fileEncoding = 4; lastKnownFileType = file.storyboard; path = AppLaunchScreen.storyboard; sourceTree = "<group>"; };
		6DB88E29225B8F420099AC80 /* LaunchScreen.storyboard */ = {isa = PBXFileReference; fileEncoding = 4; lastKnownFileType = file.storyboard; path = LaunchScreen.storyboard; sourceTree = "<group>"; };
		6DEF6235225C0FDA001A6530 /* iWuBi_code.json */ = {isa = PBXFileReference; fileEncoding = 4; lastKnownFileType = text.json; path = iWuBi_code.json; sourceTree = "<group>"; };
		75F9BBE4FFB8D6E6566B36DE /* Pods-iWuBi.release.xcconfig */ = {isa = PBXFileReference; includeInIndex = 1; lastKnownFileType = text.xcconfig; name = "Pods-iWuBi.release.xcconfig"; path = "Pods/Target Support Files/Pods-iWuBi/Pods-iWuBi.release.xcconfig"; sourceTree = "<group>"; };
		8142ECC9484EECD7A5D29993 /* Pods-iWuBiTests.release.xcconfig */ = {isa = PBXFileReference; includeInIndex = 1; lastKnownFileType = text.xcconfig; name = "Pods-iWuBiTests.release.xcconfig"; path = "Pods/Target Support Files/Pods-iWuBiTests/Pods-iWuBiTests.release.xcconfig"; sourceTree = "<group>"; };
		A6D1DB830F43BCBB17C8F556 /* Pods-iWuBiTests.debug.xcconfig */ = {isa = PBXFileReference; includeInIndex = 1; lastKnownFileType = text.xcconfig; name = "Pods-iWuBiTests.debug.xcconfig"; path = "Pods/Target Support Files/Pods-iWuBiTests/Pods-iWuBiTests.debug.xcconfig"; sourceTree = "<group>"; };
		F6E83B6E1E91072EBEA6E329 /* Pods_iWuBiUITests.framework */ = {isa = PBXFileReference; explicitFileType = wrapper.framework; includeInIndex = 0; path = Pods_iWuBiUITests.framework; sourceTree = BUILT_PRODUCTS_DIR; };
/* End PBXFileReference section */

/* Begin PBXFrameworksBuildPhase section */
		6DAD76F3225A277F00961BEC /* Frameworks */ = {
			isa = PBXFrameworksBuildPhase;
			buildActionMask = 2147483647;
			files = (
				6DB88E05225B8E340099AC80 /* libBaiduMobStat.a in Frameworks */,
				C833D47BF34102E21135BC39 /* Pods_iWuBi.framework in Frameworks */,
			);
			runOnlyForDeploymentPostprocessing = 0;
		};
		6DAD7707225A278000961BEC /* Frameworks */ = {
			isa = PBXFrameworksBuildPhase;
			buildActionMask = 2147483647;
			files = (
				2D6303726115B67060D09E85 /* Pods_iWuBiTests.framework in Frameworks */,
			);
			runOnlyForDeploymentPostprocessing = 0;
		};
		6DAD7712225A278000961BEC /* Frameworks */ = {
			isa = PBXFrameworksBuildPhase;
			buildActionMask = 2147483647;
			files = (
				3719B7397CAA52057F9F1153 /* Pods_iWuBiUITests.framework in Frameworks */,
			);
			runOnlyForDeploymentPostprocessing = 0;
		};
/* End PBXFrameworksBuildPhase section */

/* Begin PBXGroup section */
		6DAD76ED225A277F00961BEC = {
			isa = PBXGroup;
			children = (
				6DAD76F8225A277F00961BEC /* iWuBi */,
				6DAD770D225A278000961BEC /* iWuBiTests */,
				6DAD7718225A278000961BEC /* iWuBiUITests */,
				6DAD76F7225A277F00961BEC /* Products */,
				6E0C741675ABE6B74F564B0C /* Pods */,
				7367FB66A9A425040287456A /* Frameworks */,
			);
			sourceTree = "<group>";
		};
		6DAD76F7225A277F00961BEC /* Products */ = {
			isa = PBXGroup;
			children = (
				6DAD76F6225A277F00961BEC /* iWuBi.app */,
				6DAD770A225A278000961BEC /* iWuBiTests.xctest */,
				6DAD7715225A278000961BEC /* iWuBiUITests.xctest */,
			);
			name = Products;
			sourceTree = "<group>";
		};
		6DAD76F8225A277F00961BEC /* iWuBi */ = {
			isa = PBXGroup;
			children = (
				6DAD76F9225A277F00961BEC /* AppDelegate.swift */,
				6DB88E23225B8EFE0099AC80 /* iWuBi-Bridging-Header.h */,
				6DB88DE1225B8E340099AC80 /* ViewController */,
				6DB88DD4225B8E340099AC80 /* View */,
				6DB88DDD225B8E340099AC80 /* Model */,
				6DB88E1D225B8E720099AC80 /* Common */,
				6DB88DED225B8E340099AC80 /* Tools */,
				6DB88DB8225B8E340099AC80 /* Resource */,
				6DB88E28225B8F420099AC80 /* AppLaunchScreen.storyboard */,
				6DB88E29225B8F420099AC80 /* LaunchScreen.storyboard */,
				6DB88E27225B8F420099AC80 /* Main.storyboard */,
				6DAD7700225A278000961BEC /* Assets.xcassets */,
				6DAD7705225A278000961BEC /* Info.plist */,
			);
			path = iWuBi;
			sourceTree = "<group>";
		};
		6DAD770D225A278000961BEC /* iWuBiTests */ = {
			isa = PBXGroup;
			children = (
				6DAD770E225A278000961BEC /* iWuBiTests.swift */,
				6DAD7710225A278000961BEC /* Info.plist */,
			);
			path = iWuBiTests;
			sourceTree = "<group>";
		};
		6DAD7718225A278000961BEC /* iWuBiUITests */ = {
			isa = PBXGroup;
			children = (
				6DAD7719225A278000961BEC /* iWuBiUITests.swift */,
				6DAD771B225A278000961BEC /* Info.plist */,
			);
			path = iWuBiUITests;
			sourceTree = "<group>";
		};
		6DB88DB8225B8E340099AC80 /* Resource */ = {
			isa = PBXGroup;
			children = (
				6DB88DB9225B8E340099AC80 /* Images */,
				6DB88DCD225B8E340099AC80 /* Documents */,
				6DB88DD0225B8E340099AC80 /* Thirdparty */,
			);
			path = Resource;
			sourceTree = "<group>";
		};
		6DB88DB9225B8E340099AC80 /* Images */ = {
			isa = PBXGroup;
			children = (
				6DB88DBA225B8E340099AC80 /* language_tabbar_selected@2x.png */,
				6DB88DBB225B8E340099AC80 /* italkerman_gray@3x.png */,
				6DB88DBC225B8E340099AC80 /* company_tabbar_selected@2x.png */,
				6DB88DBD225B8E340099AC80 /* company_tabbar_selected@3x.png */,
				6DB88DBE225B8E340099AC80 /* italkerman_gray@2x.png */,
				6DB88DBF225B8E340099AC80 /* language_tabbar_selected@3x.png */,
				6DB88DC0225B8E340099AC80 /* App-TextLogo-Alpha.png */,
				6DB88DC1225B8E340099AC80 /* App-share-Icon.png */,
				6DB88DC2225B8E340099AC80 /* Engineer_selected@3x.png */,
				6DB88DC3225B8E340099AC80 /* Engineer_normal@2x.png */,
				6DB88DC4225B8E340099AC80 /* Engineer_normal@3x.png */,
				6DB88DC5225B8E340099AC80 /* Engineer_selected@2x.png */,
				6DB88DC6225B8E340099AC80 /* language_tabbar_normal@2x.png */,
				6DB88DC7225B8E340099AC80 /* company_tabbar_normal@2x.png */,
				6DB88DC8225B8E340099AC80 /* iTalkerman_blue@3x.png */,
				6DB88DC9225B8E340099AC80 /* iTalkerman_blue@2x.png */,
				6DB88DCA225B8E340099AC80 /* company_tabbar_normal@3x.png */,
				6DB88DCB225B8E340099AC80 /* App-LaunchScreen-Image.png */,
				6DB88DCC225B8E340099AC80 /* language_tabbar_normal@3x.png */,
			);
			path = Images;
			sourceTree = "<group>";
		};
		6DB88DCD225B8E340099AC80 /* Documents */ = {
			isa = PBXGroup;
			children = (
				6DB88DCE225B8E340099AC80 /* jsonFiles */,
			);
			path = Documents;
			sourceTree = "<group>";
		};
		6DB88DCE225B8E340099AC80 /* jsonFiles */ = {
			isa = PBXGroup;
			children = (
				6DEF6235225C0FDA001A6530 /* iWuBi_code.json */,
			);
			path = jsonFiles;
			sourceTree = "<group>";
		};
		6DB88DD0225B8E340099AC80 /* Thirdparty */ = {
			isa = PBXGroup;
			children = (
				6DB88DD1225B8E340099AC80 /* ios_api */,
			);
			path = Thirdparty;
			sourceTree = "<group>";
		};
		6DB88DD1225B8E340099AC80 /* ios_api */ = {
			isa = PBXGroup;
			children = (
				6DB88E22225B8EE90099AC80 /* BaiduMobStat.h */,
				6DB88DD2225B8E340099AC80 /* libBaiduMobStat.a */,
			);
			path = ios_api;
			sourceTree = "<group>";
		};
		6DB88DD4225B8E340099AC80 /* View */ = {
			isa = PBXGroup;
			children = (
				6DB88DD5225B8E340099AC80 /* ITQuestionDetailViewCell.xib */,
				6DB88DD6225B8E340099AC80 /* ITQuestionDetailViewCell.swift */,
				6DB88DD7225B8E340099AC80 /* ITQuestionListViewCell.swift */,
				6DB88DD8225B8E340099AC80 /* ITCopyLabel.swift */,
				6DB88DD9225B8E340099AC80 /* ITPageView */,
				6DB88DDC225B8E340099AC80 /* ITQuestionListViewCell.xib */,
			);
			path = View;
			sourceTree = "<group>";
		};
		6DB88DD9225B8E340099AC80 /* ITPageView */ = {
			isa = PBXGroup;
			children = (
				6DB88DDA225B8E340099AC80 /* ITPageTitleView.swift */,
				6DB88DDB225B8E340099AC80 /* ITPageContentView.swift */,
			);
			path = ITPageView;
			sourceTree = "<group>";
		};
		6DB88DDD225B8E340099AC80 /* Model */ = {
			isa = PBXGroup;
			children = (
				6DB88DDE225B8E340099AC80 /* IHTCModel.swift */,
				6DB88DDF225B8E340099AC80 /* ITModel.swift */,
				6DB88DE0225B8E340099AC80 /* ITQuestionModel.swift */,
			);
			path = Model;
			sourceTree = "<group>";
		};
		6DB88DE1225B8E340099AC80 /* ViewController */ = {
			isa = PBXGroup;
			children = (
				6DB88DE5225B8E340099AC80 /* BaseVC */,
				6DB88DE8225B8E340099AC80 /* ITAboutAppVC.xib */,
				6DB88DEC225B8E340099AC80 /* ITLanguageViewController.swift */,
				6DB88DEA225B8E340099AC80 /* ITQuestionListViewController.swift */,
				6DB88DE9225B8E340099AC80 /* ITQuestionDetailViewController.swift */,
				6DB88DEB225B8E340099AC80 /* ITProfessionViewController.swift */,
				6DB88DE2225B8E340099AC80 /* ITAboutAppVC.swift */,
				6DB88DE3225B8E340099AC80 /* ITProgrammerVC.swift */,
			);
			path = ViewController;
			sourceTree = "<group>";
		};
		6DB88DE5225B8E340099AC80 /* BaseVC */ = {
			isa = PBXGroup;
			children = (
				6DB88DE6225B8E340099AC80 /* ITBasePopTransitionVC.swift */,
				6DB88DE7225B8E340099AC80 /* ITBasePushTransitionVC.swift */,
			);
			path = BaseVC;
			sourceTree = "<group>";
		};
		6DB88DED225B8E340099AC80 /* Tools */ = {
			isa = PBXGroup;
			children = (
				6DB88DEE225B8E340099AC80 /* ITScalePushTransition.swift */,
				6DB88DEF225B8E340099AC80 /* TCDataTool.swift */,
				6DB88DF0225B8E340099AC80 /* ITScalePopTransition.swift */,
			);
			path = Tools;
			sourceTree = "<group>";
		};
		6DB88E1D225B8E720099AC80 /* Common */ = {
			isa = PBXGroup;
			children = (
				6DB88E1E225B8E720099AC80 /* CommonDefine.swift */,
				6DB88E1F225B8E720099AC80 /* ITCommonAPI.swift */,
			);
			path = Common;
			sourceTree = "<group>";
		};
		6E0C741675ABE6B74F564B0C /* Pods */ = {
			isa = PBXGroup;
			children = (
				4DC6FA5CB566AD8744AF9589 /* Pods-iWuBi.debug.xcconfig */,
				75F9BBE4FFB8D6E6566B36DE /* Pods-iWuBi.release.xcconfig */,
				A6D1DB830F43BCBB17C8F556 /* Pods-iWuBiTests.debug.xcconfig */,
				8142ECC9484EECD7A5D29993 /* Pods-iWuBiTests.release.xcconfig */,
				37928F92B064255A22FB885E /* Pods-iWuBiUITests.debug.xcconfig */,
				0EF4ABF9754CD5F1B9DEC378 /* Pods-iWuBiUITests.release.xcconfig */,
			);
			name = Pods;
			sourceTree = "<group>";
		};
		7367FB66A9A425040287456A /* Frameworks */ = {
			isa = PBXGroup;
			children = (
				5FABFA1D936DFEDD99C5AC4A /* Pods_iWuBi.framework */,
				5AA5AA6FD67142615E34DC61 /* Pods_iWuBiTests.framework */,
				F6E83B6E1E91072EBEA6E329 /* Pods_iWuBiUITests.framework */,
			);
			name = Frameworks;
			sourceTree = "<group>";
		};
/* End PBXGroup section */

/* Begin PBXNativeTarget section */
		6DAD76F5225A277F00961BEC /* iWuBi */ = {
			isa = PBXNativeTarget;
			buildConfigurationList = 6DAD771E225A278000961BEC /* Build configuration list for PBXNativeTarget "iWuBi" */;
			buildPhases = (
				D95E35F0370943427A92F898 /* [CP] Check Pods Manifest.lock */,
				6DAD76F2225A277F00961BEC /* Sources */,
				6DAD76F3225A277F00961BEC /* Frameworks */,
				6DAD76F4225A277F00961BEC /* Resources */,
			);
			buildRules = (
			);
			dependencies = (
			);
			name = iWuBi;
			productName = iWuBi;
			productReference = 6DAD76F6225A277F00961BEC /* iWuBi.app */;
			productType = "com.apple.product-type.application";
		};
		6DAD7709225A278000961BEC /* iWuBiTests */ = {
			isa = PBXNativeTarget;
			buildConfigurationList = 6DAD7721225A278000961BEC /* Build configuration list for PBXNativeTarget "iWuBiTests" */;
			buildPhases = (
				BFF21BD209DC66F9B1210992 /* [CP] Check Pods Manifest.lock */,
				6DAD7706225A278000961BEC /* Sources */,
				6DAD7707225A278000961BEC /* Frameworks */,
				6DAD7708225A278000961BEC /* Resources */,
			);
			buildRules = (
			);
			dependencies = (
				6DAD770C225A278000961BEC /* PBXTargetDependency */,
			);
			name = iWuBiTests;
			productName = iWuBiTests;
			productReference = 6DAD770A225A278000961BEC /* iWuBiTests.xctest */;
			productType = "com.apple.product-type.bundle.unit-test";
		};
		6DAD7714225A278000961BEC /* iWuBiUITests */ = {
			isa = PBXNativeTarget;
			buildConfigurationList = 6DAD7724225A278000961BEC /* Build configuration list for PBXNativeTarget "iWuBiUITests" */;
			buildPhases = (
				064F4F3CC1FE41D93F966250 /* [CP] Check Pods Manifest.lock */,
				6DAD7711225A278000961BEC /* Sources */,
				6DAD7712225A278000961BEC /* Frameworks */,
				6DAD7713225A278000961BEC /* Resources */,
			);
			buildRules = (
			);
			dependencies = (
				6DAD7717225A278000961BEC /* PBXTargetDependency */,
			);
			name = iWuBiUITests;
			productName = iWuBiUITests;
			productReference = 6DAD7715225A278000961BEC /* iWuBiUITests.xctest */;
			productType = "com.apple.product-type.bundle.ui-testing";
		};
/* End PBXNativeTarget section */

/* Begin PBXProject section */
		6DAD76EE225A277F00961BEC /* Project object */ = {
			isa = PBXProject;
			attributes = {
				LastSwiftUpdateCheck = 1020;
				LastUpgradeCheck = 1020;
				ORGANIZATIONNAME = HTC;
				TargetAttributes = {
					6DAD76F5225A277F00961BEC = {
						CreatedOnToolsVersion = 10.2;
						LastSwiftMigration = 1020;
					};
					6DAD7709225A278000961BEC = {
						CreatedOnToolsVersion = 10.2;
						TestTargetID = 6DAD76F5225A277F00961BEC;
					};
					6DAD7714225A278000961BEC = {
						CreatedOnToolsVersion = 10.2;
						TestTargetID = 6DAD76F5225A277F00961BEC;
					};
				};
			};
			buildConfigurationList = 6DAD76F1225A277F00961BEC /* Build configuration list for PBXProject "iWuBi" */;
			compatibilityVersion = "Xcode 9.3";
			developmentRegion = en;
			hasScannedForEncodings = 0;
			knownRegions = (
				en,
				Base,
			);
			mainGroup = 6DAD76ED225A277F00961BEC;
			productRefGroup = 6DAD76F7225A277F00961BEC /* Products */;
			projectDirPath = "";
			projectRoot = "";
			targets = (
				6DAD76F5225A277F00961BEC /* iWuBi */,
				6DAD7709225A278000961BEC /* iWuBiTests */,
				6DAD7714225A278000961BEC /* iWuBiUITests */,
			);
		};
/* End PBXProject section */

/* Begin PBXResourcesBuildPhase section */
		6DAD76F4225A277F00961BEC /* Resources */ = {
			isa = PBXResourcesBuildPhase;
			buildActionMask = 2147483647;
			files = (
				6DB88DF4225B8E340099AC80 /* company_tabbar_selected@3x.png in Resources */,
				6DB88DFD225B8E340099AC80 /* language_tabbar_normal@2x.png in Resources */,
				6DAD7701225A278000961BEC /* Assets.xcassets in Resources */,
				6DB88E2A225B8F430099AC80 /* Main.storyboard in Resources */,
				6DB88DFA225B8E340099AC80 /* Engineer_normal@2x.png in Resources */,
				6DB88E02225B8E340099AC80 /* App-LaunchScreen-Image.png in Resources */,
				6DB88DF3225B8E340099AC80 /* company_tabbar_selected@2x.png in Resources */,
				6DB88E2C225B8F430099AC80 /* LaunchScreen.storyboard in Resources */,
				6DB88E06225B8E340099AC80 /* ITQuestionDetailViewCell.xib in Resources */,
				6DB88E03225B8E340099AC80 /* language_tabbar_normal@3x.png in Resources */,
				6DB88E0C225B8E340099AC80 /* ITQuestionListViewCell.xib in Resources */,
				6DB88DF5225B8E340099AC80 /* italkerman_gray@2x.png in Resources */,
				6DEF6236225C0FDA001A6530 /* iWuBi_code.json in Resources */,
				6DB88E01225B8E340099AC80 /* company_tabbar_normal@3x.png in Resources */,
				6DB88DF8225B8E340099AC80 /* App-share-Icon.png in Resources */,
				6DB88DFF225B8E340099AC80 /* iTalkerman_blue@3x.png in Resources */,
				6DB88DF9225B8E340099AC80 /* Engineer_selected@3x.png in Resources */,
				6DB88E15225B8E340099AC80 /* ITAboutAppVC.xib in Resources */,
				6DB88E00225B8E340099AC80 /* iTalkerman_blue@2x.png in Resources */,
				6DB88DF1225B8E340099AC80 /* language_tabbar_selected@2x.png in Resources */,
				6DB88DF2225B8E340099AC80 /* italkerman_gray@3x.png in Resources */,
				6DB88DFB225B8E340099AC80 /* Engineer_normal@3x.png in Resources */,
				6DB88E2B225B8F430099AC80 /* AppLaunchScreen.storyboard in Resources */,
				6DB88DF7225B8E340099AC80 /* App-TextLogo-Alpha.png in Resources */,
				6DB88DFE225B8E340099AC80 /* company_tabbar_normal@2x.png in Resources */,
				6DB88DFC225B8E340099AC80 /* Engineer_selected@2x.png in Resources */,
				6DB88DF6225B8E340099AC80 /* language_tabbar_selected@3x.png in Resources */,
			);
			runOnlyForDeploymentPostprocessing = 0;
		};
		6DAD7708225A278000961BEC /* Resources */ = {
			isa = PBXResourcesBuildPhase;
			buildActionMask = 2147483647;
			files = (
			);
			runOnlyForDeploymentPostprocessing = 0;
		};
		6DAD7713225A278000961BEC /* Resources */ = {
			isa = PBXResourcesBuildPhase;
			buildActionMask = 2147483647;
			files = (
			);
			runOnlyForDeploymentPostprocessing = 0;
		};
/* End PBXResourcesBuildPhase section */

/* Begin PBXShellScriptBuildPhase section */
		064F4F3CC1FE41D93F966250 /* [CP] Check Pods Manifest.lock */ = {
			isa = PBXShellScriptBuildPhase;
			buildActionMask = 2147483647;
			files = (
			);
			inputFileListPaths = (
			);
			inputPaths = (
				"${PODS_PODFILE_DIR_PATH}/Podfile.lock",
				"${PODS_ROOT}/Manifest.lock",
			);
			name = "[CP] Check Pods Manifest.lock";
			outputFileListPaths = (
			);
			outputPaths = (
				"$(DERIVED_FILE_DIR)/Pods-iWuBiUITests-checkManifestLockResult.txt",
			);
			runOnlyForDeploymentPostprocessing = 0;
			shellPath = /bin/sh;
			shellScript = "diff \"${PODS_PODFILE_DIR_PATH}/Podfile.lock\" \"${PODS_ROOT}/Manifest.lock\" > /dev/null\nif [ $? != 0 ] ; then\n    # print error to STDERR\n    echo \"error: The sandbox is not in sync with the Podfile.lock. Run 'pod install' or update your CocoaPods installation.\" >&2\n    exit 1\nfi\n# This output is used by Xcode 'outputs' to avoid re-running this script phase.\necho \"SUCCESS\" > \"${SCRIPT_OUTPUT_FILE_0}\"\n";
			showEnvVarsInLog = 0;
		};
		BFF21BD209DC66F9B1210992 /* [CP] Check Pods Manifest.lock */ = {
			isa = PBXShellScriptBuildPhase;
			buildActionMask = 2147483647;
			files = (
			);
			inputFileListPaths = (
			);
			inputPaths = (
				"${PODS_PODFILE_DIR_PATH}/Podfile.lock",
				"${PODS_ROOT}/Manifest.lock",
			);
			name = "[CP] Check Pods Manifest.lock";
			outputFileListPaths = (
			);
			outputPaths = (
				"$(DERIVED_FILE_DIR)/Pods-iWuBiTests-checkManifestLockResult.txt",
			);
			runOnlyForDeploymentPostprocessing = 0;
			shellPath = /bin/sh;
			shellScript = "diff \"${PODS_PODFILE_DIR_PATH}/Podfile.lock\" \"${PODS_ROOT}/Manifest.lock\" > /dev/null\nif [ $? != 0 ] ; then\n    # print error to STDERR\n    echo \"error: The sandbox is not in sync with the Podfile.lock. Run 'pod install' or update your CocoaPods installation.\" >&2\n    exit 1\nfi\n# This output is used by Xcode 'outputs' to avoid re-running this script phase.\necho \"SUCCESS\" > \"${SCRIPT_OUTPUT_FILE_0}\"\n";
			showEnvVarsInLog = 0;
		};
		D95E35F0370943427A92F898 /* [CP] Check Pods Manifest.lock */ = {
			isa = PBXShellScriptBuildPhase;
			buildActionMask = 2147483647;
			files = (
			);
			inputFileListPaths = (
			);
			inputPaths = (
				"${PODS_PODFILE_DIR_PATH}/Podfile.lock",
				"${PODS_ROOT}/Manifest.lock",
			);
			name = "[CP] Check Pods Manifest.lock";
			outputFileListPaths = (
			);
			outputPaths = (
				"$(DERIVED_FILE_DIR)/Pods-iWuBi-checkManifestLockResult.txt",
			);
			runOnlyForDeploymentPostprocessing = 0;
			shellPath = /bin/sh;
			shellScript = "diff \"${PODS_PODFILE_DIR_PATH}/Podfile.lock\" \"${PODS_ROOT}/Manifest.lock\" > /dev/null\nif [ $? != 0 ] ; then\n    # print error to STDERR\n    echo \"error: The sandbox is not in sync with the Podfile.lock. Run 'pod install' or update your CocoaPods installation.\" >&2\n    exit 1\nfi\n# This output is used by Xcode 'outputs' to avoid re-running this script phase.\necho \"SUCCESS\" > \"${SCRIPT_OUTPUT_FILE_0}\"\n";
			showEnvVarsInLog = 0;
		};
/* End PBXShellScriptBuildPhase section */

/* Begin PBXSourcesBuildPhase section */
		6DAD76F2225A277F00961BEC /* Sources */ = {
			isa = PBXSourcesBuildPhase;
			buildActionMask = 2147483647;
			files = (
				6DB88E18225B8E340099AC80 /* ITProfessionViewController.swift in Sources */,
				6DB88E10225B8E340099AC80 /* ITAboutAppVC.swift in Sources */,
				6DB88E11225B8E340099AC80 /* ITProgrammerVC.swift in Sources */,
				6DB88E0B225B8E340099AC80 /* ITPageContentView.swift in Sources */,
				6DB88E21225B8E720099AC80 /* ITCommonAPI.swift in Sources */,
				6DB88E1B225B8E340099AC80 /* TCDataTool.swift in Sources */,
				6DB88E0D225B8E340099AC80 /* IHTCModel.swift in Sources */,
				6DB88E1A225B8E340099AC80 /* ITScalePushTransition.swift in Sources */,
				6DAD76FA225A277F00961BEC /* AppDelegate.swift in Sources */,
				6DB88E16225B8E340099AC80 /* ITQuestionDetailViewController.swift in Sources */,
				6DB88E07225B8E340099AC80 /* ITQuestionDetailViewCell.swift in Sources */,
				6DB88E08225B8E340099AC80 /* ITQuestionListViewCell.swift in Sources */,
				6DB88E09225B8E340099AC80 /* ITCopyLabel.swift in Sources */,
				6DB88E0E225B8E340099AC80 /* ITModel.swift in Sources */,
				6DB88E19225B8E340099AC80 /* ITLanguageViewController.swift in Sources */,
				6DB88E14225B8E340099AC80 /* ITBasePushTransitionVC.swift in Sources */,
				6DB88E0F225B8E340099AC80 /* ITQuestionModel.swift in Sources */,
				6DB88E1C225B8E340099AC80 /* ITScalePopTransition.swift in Sources */,
				6DB88E0A225B8E340099AC80 /* ITPageTitleView.swift in Sources */,
				6DB88E13225B8E340099AC80 /* ITBasePopTransitionVC.swift in Sources */,
				6DB88E17225B8E340099AC80 /* ITQuestionListViewController.swift in Sources */,
				6DB88E20225B8E720099AC80 /* CommonDefine.swift in Sources */,
			);
			runOnlyForDeploymentPostprocessing = 0;
		};
		6DAD7706225A278000961BEC /* Sources */ = {
			isa = PBXSourcesBuildPhase;
			buildActionMask = 2147483647;
			files = (
				6DAD770F225A278000961BEC /* iWuBiTests.swift in Sources */,
			);
			runOnlyForDeploymentPostprocessing = 0;
		};
		6DAD7711225A278000961BEC /* Sources */ = {
			isa = PBXSourcesBuildPhase;
			buildActionMask = 2147483647;
			files = (
				6DAD771A225A278000961BEC /* iWuBiUITests.swift in Sources */,
			);
			runOnlyForDeploymentPostprocessing = 0;
		};
/* End PBXSourcesBuildPhase section */

/* Begin PBXTargetDependency section */
		6DAD770C225A278000961BEC /* PBXTargetDependency */ = {
			isa = PBXTargetDependency;
			target = 6DAD76F5225A277F00961BEC /* iWuBi */;
			targetProxy = 6DAD770B225A278000961BEC /* PBXContainerItemProxy */;
		};
		6DAD7717225A278000961BEC /* PBXTargetDependency */ = {
			isa = PBXTargetDependency;
			target = 6DAD76F5225A277F00961BEC /* iWuBi */;
			targetProxy = 6DAD7716225A278000961BEC /* PBXContainerItemProxy */;
		};
/* End PBXTargetDependency section */

/* Begin XCBuildConfiguration section */
		6DAD771C225A278000961BEC /* Debug */ = {
			isa = XCBuildConfiguration;
			buildSettings = {
				ALWAYS_SEARCH_USER_PATHS = NO;
				CLANG_ANALYZER_NONNULL = YES;
				CLANG_ANALYZER_NUMBER_OBJECT_CONVERSION = YES_AGGRESSIVE;
				CLANG_CXX_LANGUAGE_STANDARD = "gnu++14";
				CLANG_CXX_LIBRARY = "libc++";
				CLANG_ENABLE_MODULES = YES;
				CLANG_ENABLE_OBJC_ARC = YES;
				CLANG_ENABLE_OBJC_WEAK = YES;
				CLANG_WARN_BLOCK_CAPTURE_AUTORELEASING = YES;
				CLANG_WARN_BOOL_CONVERSION = YES;
				CLANG_WARN_COMMA = YES;
				CLANG_WARN_CONSTANT_CONVERSION = YES;
				CLANG_WARN_DEPRECATED_OBJC_IMPLEMENTATIONS = YES;
				CLANG_WARN_DIRECT_OBJC_ISA_USAGE = YES_ERROR;
				CLANG_WARN_DOCUMENTATION_COMMENTS = YES;
				CLANG_WARN_EMPTY_BODY = YES;
				CLANG_WARN_ENUM_CONVERSION = YES;
				CLANG_WARN_INFINITE_RECURSION = YES;
				CLANG_WARN_INT_CONVERSION = YES;
				CLANG_WARN_NON_LITERAL_NULL_CONVERSION = YES;
				CLANG_WARN_OBJC_IMPLICIT_RETAIN_SELF = YES;
				CLANG_WARN_OBJC_LITERAL_CONVERSION = YES;
				CLANG_WARN_OBJC_ROOT_CLASS = YES_ERROR;
				CLANG_WARN_RANGE_LOOP_ANALYSIS = YES;
				CLANG_WARN_STRICT_PROTOTYPES = YES;
				CLANG_WARN_SUSPICIOUS_MOVE = YES;
				CLANG_WARN_UNGUARDED_AVAILABILITY = YES_AGGRESSIVE;
				CLANG_WARN_UNREACHABLE_CODE = YES;
				CLANG_WARN__DUPLICATE_METHOD_MATCH = YES;
				CODE_SIGN_IDENTITY = "iPhone Developer";
				COPY_PHASE_STRIP = NO;
				DEBUG_INFORMATION_FORMAT = dwarf;
				ENABLE_STRICT_OBJC_MSGSEND = YES;
				ENABLE_TESTABILITY = YES;
				GCC_C_LANGUAGE_STANDARD = gnu11;
				GCC_DYNAMIC_NO_PIC = NO;
				GCC_NO_COMMON_BLOCKS = YES;
				GCC_OPTIMIZATION_LEVEL = 0;
				GCC_PREPROCESSOR_DEFINITIONS = (
					"DEBUG=1",
					"$(inherited)",
				);
				GCC_WARN_64_TO_32_BIT_CONVERSION = YES;
				GCC_WARN_ABOUT_RETURN_TYPE = YES_ERROR;
				GCC_WARN_UNDECLARED_SELECTOR = YES;
				GCC_WARN_UNINITIALIZED_AUTOS = YES_AGGRESSIVE;
				GCC_WARN_UNUSED_FUNCTION = YES;
				GCC_WARN_UNUSED_VARIABLE = YES;
				IPHONEOS_DEPLOYMENT_TARGET = 9.0;
				MTL_ENABLE_DEBUG_INFO = INCLUDE_SOURCE;
				MTL_FAST_MATH = YES;
				ONLY_ACTIVE_ARCH = YES;
				SDKROOT = iphoneos;
				SWIFT_ACTIVE_COMPILATION_CONDITIONS = DEBUG;
				SWIFT_OPTIMIZATION_LEVEL = "-Onone";
			};
			name = Debug;
		};
		6DAD771D225A278000961BEC /* Release */ = {
			isa = XCBuildConfiguration;
			buildSettings = {
				ALWAYS_SEARCH_USER_PATHS = NO;
				CLANG_ANALYZER_NONNULL = YES;
				CLANG_ANALYZER_NUMBER_OBJECT_CONVERSION = YES_AGGRESSIVE;
				CLANG_CXX_LANGUAGE_STANDARD = "gnu++14";
				CLANG_CXX_LIBRARY = "libc++";
				CLANG_ENABLE_MODULES = YES;
				CLANG_ENABLE_OBJC_ARC = YES;
				CLANG_ENABLE_OBJC_WEAK = YES;
				CLANG_WARN_BLOCK_CAPTURE_AUTORELEASING = YES;
				CLANG_WARN_BOOL_CONVERSION = YES;
				CLANG_WARN_COMMA = YES;
				CLANG_WARN_CONSTANT_CONVERSION = YES;
				CLANG_WARN_DEPRECATED_OBJC_IMPLEMENTATIONS = YES;
				CLANG_WARN_DIRECT_OBJC_ISA_USAGE = YES_ERROR;
				CLANG_WARN_DOCUMENTATION_COMMENTS = YES;
				CLANG_WARN_EMPTY_BODY = YES;
				CLANG_WARN_ENUM_CONVERSION = YES;
				CLANG_WARN_INFINITE_RECURSION = YES;
				CLANG_WARN_INT_CONVERSION = YES;
				CLANG_WARN_NON_LITERAL_NULL_CONVERSION = YES;
				CLANG_WARN_OBJC_IMPLICIT_RETAIN_SELF = YES;
				CLANG_WARN_OBJC_LITERAL_CONVERSION = YES;
				CLANG_WARN_OBJC_ROOT_CLASS = YES_ERROR;
				CLANG_WARN_RANGE_LOOP_ANALYSIS = YES;
				CLANG_WARN_STRICT_PROTOTYPES = YES;
				CLANG_WARN_SUSPICIOUS_MOVE = YES;
				CLANG_WARN_UNGUARDED_AVAILABILITY = YES_AGGRESSIVE;
				CLANG_WARN_UNREACHABLE_CODE = YES;
				CLANG_WARN__DUPLICATE_METHOD_MATCH = YES;
				CODE_SIGN_IDENTITY = "iPhone Developer";
				COPY_PHASE_STRIP = NO;
				DEBUG_INFORMATION_FORMAT = "dwarf-with-dsym";
				ENABLE_NS_ASSERTIONS = NO;
				ENABLE_STRICT_OBJC_MSGSEND = YES;
				GCC_C_LANGUAGE_STANDARD = gnu11;
				GCC_NO_COMMON_BLOCKS = YES;
				GCC_WARN_64_TO_32_BIT_CONVERSION = YES;
				GCC_WARN_ABOUT_RETURN_TYPE = YES_ERROR;
				GCC_WARN_UNDECLARED_SELECTOR = YES;
				GCC_WARN_UNINITIALIZED_AUTOS = YES_AGGRESSIVE;
				GCC_WARN_UNUSED_FUNCTION = YES;
				GCC_WARN_UNUSED_VARIABLE = YES;
				IPHONEOS_DEPLOYMENT_TARGET = 9.0;
				MTL_ENABLE_DEBUG_INFO = NO;
				MTL_FAST_MATH = YES;
				SDKROOT = iphoneos;
				SWIFT_COMPILATION_MODE = wholemodule;
				SWIFT_OPTIMIZATION_LEVEL = "-O";
				VALIDATE_PRODUCT = YES;
			};
			name = Release;
		};
		6DAD771F225A278000961BEC /* Debug */ = {
			isa = XCBuildConfiguration;
			baseConfigurationReference = 4DC6FA5CB566AD8744AF9589 /* Pods-iWuBi.debug.xcconfig */;
			buildSettings = {
				ASSETCATALOG_COMPILER_APPICON_NAME = AppIcon;
				CLANG_ENABLE_MODULES = YES;
				CODE_SIGN_STYLE = Automatic;
				DEVELOPMENT_TEAM = R7S59CFWR3;
				INFOPLIST_FILE = iWuBi/Info.plist;
				IPHONEOS_DEPLOYMENT_TARGET = 9.0;
				LD_RUNPATH_SEARCH_PATHS = (
					"$(inherited)",
					"@executable_path/Frameworks",
				);
				LIBRARY_SEARCH_PATHS = (
					"$(inherited)",
					"$(PROJECT_DIR)/iWuBi/Resource/Thirdparty/ios_api",
				);
				PRODUCT_BUNDLE_IDENTIFIER = com.iHTCboy.iWuBi2;
				PRODUCT_NAME = "$(TARGET_NAME)";
				SWIFT_OBJC_BRIDGING_HEADER = "iWuBi/iWuBi-Bridging-Header.h";
				SWIFT_OPTIMIZATION_LEVEL = "-Onone";
				SWIFT_VERSION = 5.0;
				TARGETED_DEVICE_FAMILY = "1,2";
			};
			name = Debug;
		};
		6DAD7720225A278000961BEC /* Release */ = {
			isa = XCBuildConfiguration;
			baseConfigurationReference = 75F9BBE4FFB8D6E6566B36DE /* Pods-iWuBi.release.xcconfig */;
			buildSettings = {
				ASSETCATALOG_COMPILER_APPICON_NAME = AppIcon;
				CLANG_ENABLE_MODULES = YES;
				CODE_SIGN_STYLE = Automatic;
				DEVELOPMENT_TEAM = R7S59CFWR3;
				INFOPLIST_FILE = iWuBi/Info.plist;
				IPHONEOS_DEPLOYMENT_TARGET = 9.0;
				LD_RUNPATH_SEARCH_PATHS = (
					"$(inherited)",
					"@executable_path/Frameworks",
				);
				LIBRARY_SEARCH_PATHS = (
					"$(inherited)",
					"$(PROJECT_DIR)/iWuBi/Resource/Thirdparty/ios_api",
				);
				PRODUCT_BUNDLE_IDENTIFIER = com.iHTCboy.iWuBi2;
				PRODUCT_NAME = "$(TARGET_NAME)";
				SWIFT_OBJC_BRIDGING_HEADER = "iWuBi/iWuBi-Bridging-Header.h";
				SWIFT_VERSION = 5.0;
				TARGETED_DEVICE_FAMILY = "1,2";
			};
			name = Release;
		};
		6DAD7722225A278000961BEC /* Debug */ = {
			isa = XCBuildConfiguration;
			baseConfigurationReference = A6D1DB830F43BCBB17C8F556 /* Pods-iWuBiTests.debug.xcconfig */;
			buildSettings = {
				ALWAYS_EMBED_SWIFT_STANDARD_LIBRARIES = YES;
				BUNDLE_LOADER = "$(TEST_HOST)";
				CODE_SIGN_STYLE = Automatic;
				DEVELOPMENT_TEAM = 28PV6G96R7;
				INFOPLIST_FILE = iWuBiTests/Info.plist;
				LD_RUNPATH_SEARCH_PATHS = (
					"$(inherited)",
					"@executable_path/Frameworks",
					"@loader_path/Frameworks",
				);
				PRODUCT_BUNDLE_IDENTIFIER = com.iHTCboy.iWuBiTests;
				PRODUCT_NAME = "$(TARGET_NAME)";
				SWIFT_VERSION = 5.0;
				TARGETED_DEVICE_FAMILY = "1,2";
				TEST_HOST = "$(BUILT_PRODUCTS_DIR)/iWuBi.app/iWuBi";
			};
			name = Debug;
		};
		6DAD7723225A278000961BEC /* Release */ = {
			isa = XCBuildConfiguration;
			baseConfigurationReference = 8142ECC9484EECD7A5D29993 /* Pods-iWuBiTests.release.xcconfig */;
			buildSettings = {
				ALWAYS_EMBED_SWIFT_STANDARD_LIBRARIES = YES;
				BUNDLE_LOADER = "$(TEST_HOST)";
				CODE_SIGN_STYLE = Automatic;
				DEVELOPMENT_TEAM = 28PV6G96R7;
				INFOPLIST_FILE = iWuBiTests/Info.plist;
				LD_RUNPATH_SEARCH_PATHS = (
					"$(inherited)",
					"@executable_path/Frameworks",
					"@loader_path/Frameworks",
				);
				PRODUCT_BUNDLE_IDENTIFIER = com.iHTCboy.iWuBiTests;
				PRODUCT_NAME = "$(TARGET_NAME)";
				SWIFT_VERSION = 5.0;
				TARGETED_DEVICE_FAMILY = "1,2";
				TEST_HOST = "$(BUILT_PRODUCTS_DIR)/iWuBi.app/iWuBi";
			};
			name = Release;
		};
		6DAD7725225A278000961BEC /* Debug */ = {
			isa = XCBuildConfiguration;
			baseConfigurationReference = 37928F92B064255A22FB885E /* Pods-iWuBiUITests.debug.xcconfig */;
			buildSettings = {
				ALWAYS_EMBED_SWIFT_STANDARD_LIBRARIES = YES;
				CODE_SIGN_STYLE = Automatic;
				DEVELOPMENT_TEAM = 28PV6G96R7;
				INFOPLIST_FILE = iWuBiUITests/Info.plist;
				LD_RUNPATH_SEARCH_PATHS = (
					"$(inherited)",
					"@executable_path/Frameworks",
					"@loader_path/Frameworks",
				);
				PRODUCT_BUNDLE_IDENTIFIER = com.iHTCboy.iWuBiUITests;
				PRODUCT_NAME = "$(TARGET_NAME)";
				SWIFT_VERSION = 5.0;
				TARGETED_DEVICE_FAMILY = "1,2";
				TEST_TARGET_NAME = iWuBi;
			};
			name = Debug;
		};
		6DAD7726225A278000961BEC /* Release */ = {
			isa = XCBuildConfiguration;
			baseConfigurationReference = 0EF4ABF9754CD5F1B9DEC378 /* Pods-iWuBiUITests.release.xcconfig */;
			buildSettings = {
				ALWAYS_EMBED_SWIFT_STANDARD_LIBRARIES = YES;
				CODE_SIGN_STYLE = Automatic;
				DEVELOPMENT_TEAM = 28PV6G96R7;
				INFOPLIST_FILE = iWuBiUITests/Info.plist;
				LD_RUNPATH_SEARCH_PATHS = (
					"$(inherited)",
					"@executable_path/Frameworks",
					"@loader_path/Frameworks",
				);
				PRODUCT_BUNDLE_IDENTIFIER = com.iHTCboy.iWuBiUITests;
				PRODUCT_NAME = "$(TARGET_NAME)";
				SWIFT_VERSION = 5.0;
				TARGETED_DEVICE_FAMILY = "1,2";
				TEST_TARGET_NAME = iWuBi;
			};
			name = Release;
		};
/* End XCBuildConfiguration section */

/* Begin XCConfigurationList section */
		6DAD76F1225A277F00961BEC /* Build configuration list for PBXProject "iWuBi" */ = {
			isa = XCConfigurationList;
			buildConfigurations = (
				6DAD771C225A278000961BEC /* Debug */,
				6DAD771D225A278000961BEC /* Release */,
			);
			defaultConfigurationIsVisible = 0;
			defaultConfigurationName = Release;
		};
		6DAD771E225A278000961BEC /* Build configuration list for PBXNativeTarget "iWuBi" */ = {
			isa = XCConfigurationList;
			buildConfigurations = (
				6DAD771F225A278000961BEC /* Debug */,
				6DAD7720225A278000961BEC /* Release */,
			);
			defaultConfigurationIsVisible = 0;
			defaultConfigurationName = Release;
		};
		6DAD7721225A278000961BEC /* Build configuration list for PBXNativeTarget "iWuBiTests" */ = {
			isa = XCConfigurationList;
			buildConfigurations = (
				6DAD7722225A278000961BEC /* Debug */,
				6DAD7723225A278000961BEC /* Release */,
			);
			defaultConfigurationIsVisible = 0;
			defaultConfigurationName = Release;
		};
		6DAD7724225A278000961BEC /* Build configuration list for PBXNativeTarget "iWuBiUITests" */ = {
			isa = XCConfigurationList;
			buildConfigurations = (
				6DAD7725225A278000961BEC /* Debug */,
				6DAD7726225A278000961BEC /* Release */,
			);
			defaultConfigurationIsVisible = 0;
			defaultConfigurationName = Release;
		};
/* End XCConfigurationList section */
	};
	rootObject = 6DAD76EE225A277F00961BEC /* Project object */;
}
