PODS:
  - BaiduMobStatCodeless (5.2.2)
  - JXPhotoBrowser (3.0.9)

DEPENDENCIES:
  - BaiduMobStatCodeless
  - JXPhotoBrowser

SPEC REPOS:
  trunk:
    - BaiduMobStatCodeless
    - JXPhotoBrowser

SPEC CHECKSUMS:
  BaiduMobStatCodeless: bfb398c6c2054b07f97bed51ddf0694311606324
  JXPhotoBrowser: b22932bfd53492848a63da85a568bf959548fefc

PODFILE CHECKSUM: 2fa9b196e6926dfcafc13f20ce48eeb6fe4e71c3

COCOAPODS: 1.8.4
