PODS:
  - BaiduMobStatCodeless (5.3.6)
  - JXPhotoBrowser (3.1.3)

DEPENDENCIES:
  - BaiduMobStatCodeless
  - JXPhotoBrowser

SPEC REPOS:
  trunk:
    - BaiduMobStatCodeless
    - JXPhotoBrowser

SPEC CHECKSUMS:
  BaiduMobStatCodeless: b1029b96b02d54802049d280f2b1abb0c76f0e9e
  JXPhotoBrowser: d32e94e1226d43bf5ed83164e3f5b651fed625e0

PODFILE CHECKSUM: 147d59753bb9c22df4267fcda8fc397a35d7f9d0

COCOAPODS: 1.11.3
